// !$*UTF8*$!
{
	archiveVersion = 1;
	classes = {
	};
	objectVersion = 55;
	objects = {

/* Begin PBXBuildFile section */
		D22277552789B81000AB2ADD /* Ep72ExercisesTests.swift in Sources */ = {isa = PBXBuildFile; fileRef = D22277542789B81000AB2ADD /* Ep72ExercisesTests.swift */; };
		D24AEF83278B1B1A00E9FED0 /* ComposableArchitecture.framework in Frameworks */ = {isa = PBXBuildFile; fileRef = D2F0D9CB278B1A0200977AA9 /* ComposableArchitecture.framework */; };
		D24AEF84278B1B1A00E9FED0 /* ComposableArchitecture.framework in Embed Frameworks */ = {isa = PBXBuildFile; fileRef = D2F0D9CB278B1A0200977AA9 /* ComposableArchitecture.framework */; settings = {ATTRIBUTES = (CodeSignOnCopy, RemoveHeadersOnCopy, ); }; };
		D24AEF87278B1B4C00E9FED0 /* ComposableArchitecture.framework in Frameworks */ = {isa = PBXBuildFile; fileRef = D2F0D9CB278B1A0200977AA9 /* ComposableArchitecture.framework */; platformFilter = ios; };
		D24AEF88278B1B4C00E9FED0 /* ComposableArchitecture.framework in Embed Frameworks */ = {isa = PBXBuildFile; fileRef = D2F0D9CB278B1A0200977AA9 /* ComposableArchitecture.framework */; platformFilter = ios; settings = {ATTRIBUTES = (CodeSignOnCopy, RemoveHeadersOnCopy, ); }; };
		D24AEF8B278B1B4F00E9FED0 /* ComposableArchitecture.framework in Frameworks */ = {isa = PBXBuildFile; fileRef = D2F0D9CB278B1A0200977AA9 /* ComposableArchitecture.framework */; platformFilter = ios; };
		D24AEF8C278B1B4F00E9FED0 /* ComposableArchitecture.framework in Embed Frameworks */ = {isa = PBXBuildFile; fileRef = D2F0D9CB278B1A0200977AA9 /* ComposableArchitecture.framework */; platformFilter = ios; settings = {ATTRIBUTES = (CodeSignOnCopy, RemoveHeadersOnCopy, ); }; };
		D24AEF8F278B1B5300E9FED0 /* ComposableArchitecture.framework in Frameworks */ = {isa = PBXBuildFile; fileRef = D2F0D9CB278B1A0200977AA9 /* ComposableArchitecture.framework */; platformFilter = ios; };
		D24AEF90278B1B5300E9FED0 /* ComposableArchitecture.framework in Embed Frameworks */ = {isa = PBXBuildFile; fileRef = D2F0D9CB278B1A0200977AA9 /* ComposableArchitecture.framework */; platformFilter = ios; settings = {ATTRIBUTES = (CodeSignOnCopy, RemoveHeadersOnCopy, ); }; };
		D24AEF94278B222A00E9FED0 /* Ep75ExercisesTests.swift in Sources */ = {isa = PBXBuildFile; fileRef = D24AEF93278B222A00E9FED0 /* Ep75ExercisesTests.swift */; };
		D251431E278571980096EC34 /* Reducer.swift in Sources */ = {isa = PBXBuildFile; fileRef = D251431D278571980096EC34 /* Reducer.swift */; };
		D27295F1278AD84B00EB0F8F /* Ep73ExercisesTests.swift in Sources */ = {isa = PBXBuildFile; fileRef = D27295F0278AD84B00EB0F8F /* Ep73ExercisesTests.swift */; };
		D27295F4278AE51700EB0F8F /* WolframAlpha.swift in Sources */ = {isa = PBXBuildFile; fileRef = D27295F3278AE51700EB0F8F /* WolframAlpha.swift */; };
		D27295F5278AE52E00EB0F8F /* Wolfram.swift in Sources */ = {isa = PBXBuildFile; fileRef = D208CF0C27834D14005F74EC /* Wolfram.swift */; };
		D27295F6278AE58600EB0F8F /* PrimeModal.framework in Frameworks */ = {isa = PBXBuildFile; fileRef = D282FF9E2789B2DF00E2C54C /* PrimeModal.framework */; };
		D27295F7278AE58600EB0F8F /* PrimeModal.framework in Embed Frameworks */ = {isa = PBXBuildFile; fileRef = D282FF9E2789B2DF00E2C54C /* PrimeModal.framework */; settings = {ATTRIBUTES = (CodeSignOnCopy, RemoveHeadersOnCopy, ); }; };
		D2729603278AE68B00EB0F8F /* UIKitHelper.h in Headers */ = {isa = PBXBuildFile; fileRef = D2729602278AE68B00EB0F8F /* UIKitHelper.h */; settings = {ATTRIBUTES = (Public, ); }; };
		D2729607278AE69900EB0F8F /* Helper.swift in Sources */ = {isa = PBXBuildFile; fileRef = D251431B27853D110096EC34 /* Helper.swift */; };
		D2729608278AE6BD00EB0F8F /* UIKitHelper.framework in Frameworks */ = {isa = PBXBuildFile; fileRef = D2729600278AE68B00EB0F8F /* UIKitHelper.framework */; };
		D2729609278AE6BD00EB0F8F /* UIKitHelper.framework in Embed Frameworks */ = {isa = PBXBuildFile; fileRef = D2729600278AE68B00EB0F8F /* UIKitHelper.framework */; settings = {ATTRIBUTES = (CodeSignOnCopy, RemoveHeadersOnCopy, ); }; };
		D272960D278AECD300EB0F8F /* Ep74ExercisesTests.swift in Sources */ = {isa = PBXBuildFile; fileRef = D272960C278AECD300EB0F8F /* Ep74ExercisesTests.swift */; };
		D272960F278AEE1F00EB0F8F /* ExerciseHelper.swift in Sources */ = {isa = PBXBuildFile; fileRef = D272960E278AEE1F00EB0F8F /* ExerciseHelper.swift */; };
		D282FF1C278965B900E2C54C /* TCAUIKitTests.swift in Sources */ = {isa = PBXBuildFile; fileRef = D282FF1B278965B900E2C54C /* TCAUIKitTests.swift */; };
		D282FF23278965CC00E2C54C /* Ep68ExercisesTests.swift in Sources */ = {isa = PBXBuildFile; fileRef = D282FF22278965CC00E2C54C /* Ep68ExercisesTests.swift */; };
		D282FF252789740400E2C54C /* Ep69ExercisesTests.swift in Sources */ = {isa = PBXBuildFile; fileRef = D282FF242789740400E2C54C /* Ep69ExercisesTests.swift */; };
		D282FF2727898BFA00E2C54C /* Ep70ExercisesTests.swift in Sources */ = {isa = PBXBuildFile; fileRef = D282FF2627898BFA00E2C54C /* Ep70ExercisesTests.swift */; };
		D282FF2927898F8300E2C54C /* AppState+Action.swift in Sources */ = {isa = PBXBuildFile; fileRef = D282FF2827898F8300E2C54C /* AppState+Action.swift */; };
		D282FF2B278994ED00E2C54C /* Ep71ExercisesTests.swift in Sources */ = {isa = PBXBuildFile; fileRef = D282FF2A278994ED00E2C54C /* Ep71ExercisesTests.swift */; };
		D282FF5C2789B17C00E2C54C /* Counter.framework in Frameworks */ = {isa = PBXBuildFile; fileRef = D282FF542789B17C00E2C54C /* Counter.framework */; };
		D282FF632789B17C00E2C54C /* CounterTests.swift in Sources */ = {isa = PBXBuildFile; fileRef = D282FF622789B17C00E2C54C /* CounterTests.swift */; };
		D282FF642789B17C00E2C54C /* Counter.h in Headers */ = {isa = PBXBuildFile; fileRef = D282FF562789B17C00E2C54C /* Counter.h */; settings = {ATTRIBUTES = (Public, ); }; };
		D282FF672789B17C00E2C54C /* Counter.framework in Frameworks */ = {isa = PBXBuildFile; fileRef = D282FF542789B17C00E2C54C /* Counter.framework */; };
		D282FF682789B17C00E2C54C /* Counter.framework in Embed Frameworks */ = {isa = PBXBuildFile; fileRef = D282FF542789B17C00E2C54C /* Counter.framework */; settings = {ATTRIBUTES = (CodeSignOnCopy, RemoveHeadersOnCopy, ); }; };
		D282FF762789B19800E2C54C /* Counter.swift in Sources */ = {isa = PBXBuildFile; fileRef = D282FF752789B19800E2C54C /* Counter.swift */; };
		D282FF842789B1EA00E2C54C /* FavoritePrimes.framework in Frameworks */ = {isa = PBXBuildFile; fileRef = D282FF7C2789B1E900E2C54C /* FavoritePrimes.framework */; };
		D282FF8B2789B1EA00E2C54C /* FavoritePrimesTests.swift in Sources */ = {isa = PBXBuildFile; fileRef = D282FF8A2789B1EA00E2C54C /* FavoritePrimesTests.swift */; };
		D282FF8C2789B1EA00E2C54C /* FavoritePrimes.h in Headers */ = {isa = PBXBuildFile; fileRef = D282FF7E2789B1E900E2C54C /* FavoritePrimes.h */; settings = {ATTRIBUTES = (Public, ); }; };
		D282FF8F2789B1EA00E2C54C /* FavoritePrimes.framework in Frameworks */ = {isa = PBXBuildFile; fileRef = D282FF7C2789B1E900E2C54C /* FavoritePrimes.framework */; };
		D282FF902789B1EA00E2C54C /* FavoritePrimes.framework in Embed Frameworks */ = {isa = PBXBuildFile; fileRef = D282FF7C2789B1E900E2C54C /* FavoritePrimes.framework */; settings = {ATTRIBUTES = (CodeSignOnCopy, RemoveHeadersOnCopy, ); }; };
		D282FF982789B1F400E2C54C /* FavoritePrimes.swift in Sources */ = {isa = PBXBuildFile; fileRef = D282FF972789B1F400E2C54C /* FavoritePrimes.swift */; };
		D282FFA62789B2DF00E2C54C /* PrimeModal.framework in Frameworks */ = {isa = PBXBuildFile; fileRef = D282FF9E2789B2DF00E2C54C /* PrimeModal.framework */; };
		D282FFAD2789B2DF00E2C54C /* PrimeModalTests.swift in Sources */ = {isa = PBXBuildFile; fileRef = D282FFAC2789B2DF00E2C54C /* PrimeModalTests.swift */; };
		D282FFAE2789B2DF00E2C54C /* PrimeModal.h in Headers */ = {isa = PBXBuildFile; fileRef = D282FFA02789B2DF00E2C54C /* PrimeModal.h */; settings = {ATTRIBUTES = (Public, ); }; };
		D282FFB12789B2DF00E2C54C /* PrimeModal.framework in Frameworks */ = {isa = PBXBuildFile; fileRef = D282FF9E2789B2DF00E2C54C /* PrimeModal.framework */; };
		D282FFB22789B2DF00E2C54C /* PrimeModal.framework in Embed Frameworks */ = {isa = PBXBuildFile; fileRef = D282FF9E2789B2DF00E2C54C /* PrimeModal.framework */; settings = {ATTRIBUTES = (CodeSignOnCopy, RemoveHeadersOnCopy, ); }; };
		D282FFBA2789B2EF00E2C54C /* PrimeModal.swift in Sources */ = {isa = PBXBuildFile; fileRef = D282FFB92789B2EF00E2C54C /* PrimeModal.swift */; };
		D29178E0278A7F2300C2B90E /* StateTests.swift in Sources */ = {isa = PBXBuildFile; fileRef = D29178DF278A7F2300C2B90E /* StateTests.swift */; };
		D2B7B3B72782E690003C9660 /* AppDelegate.swift in Sources */ = {isa = PBXBuildFile; fileRef = D2B7B3B62782E690003C9660 /* AppDelegate.swift */; };
		D2B7B3B92782E690003C9660 /* SceneDelegate.swift in Sources */ = {isa = PBXBuildFile; fileRef = D2B7B3B82782E690003C9660 /* SceneDelegate.swift */; };
		D2B7B3BB2782E690003C9660 /* ViewController.swift in Sources */ = {isa = PBXBuildFile; fileRef = D2B7B3BA2782E690003C9660 /* ViewController.swift */; };
		D2B7B3BE2782E690003C9660 /* Main.storyboard in Resources */ = {isa = PBXBuildFile; fileRef = D2B7B3BC2782E690003C9660 /* Main.storyboard */; };
		D2B7B3C02782E691003C9660 /* Assets.xcassets in Resources */ = {isa = PBXBuildFile; fileRef = D2B7B3BF2782E691003C9660 /* Assets.xcassets */; };
		D2B7B3C32782E691003C9660 /* LaunchScreen.storyboard in Resources */ = {isa = PBXBuildFile; fileRef = D2B7B3C12782E691003C9660 /* LaunchScreen.storyboard */; };
		D2F0D9DB278B1A3200977AA9 /* ComposableArchitectureTests.swift in Sources */ = {isa = PBXBuildFile; fileRef = D2F0D9DA278B1A3200977AA9 /* ComposableArchitectureTests.swift */; };
		D2F0D9DC278B1A3200977AA9 /* ComposableArchitecture.framework in Frameworks */ = {isa = PBXBuildFile; fileRef = D2F0D9CB278B1A0200977AA9 /* ComposableArchitecture.framework */; };
		D2F0D9E5278B1A7200977AA9 /* ComposableArchitechure.swift in Sources */ = {isa = PBXBuildFile; fileRef = D2F0D9E2278B1A7200977AA9 /* ComposableArchitechure.swift */; };
		D2F0D9E6278B1A7200977AA9 /* ObservableStore.swift in Sources */ = {isa = PBXBuildFile; fileRef = D2F0D9E3278B1A7200977AA9 /* ObservableStore.swift */; };
		D2F0D9E7278B1A7200977AA9 /* State.swift in Sources */ = {isa = PBXBuildFile; fileRef = D2F0D9E4278B1A7200977AA9 /* State.swift */; };
/* End PBXBuildFile section */

/* Begin PBXContainerItemProxy section */
		D24AEF85278B1B1A00E9FED0 /* PBXContainerItemProxy */ = {
			isa = PBXContainerItemProxy;
			containerPortal = D2B7B3AB2782E690003C9660 /* Project object */;
			proxyType = 1;
			remoteGlobalIDString = D2F0D9CA278B1A0200977AA9;
			remoteInfo = ComposableArchitecture;
		};
		D24AEF89278B1B4C00E9FED0 /* PBXContainerItemProxy */ = {
			isa = PBXContainerItemProxy;
			containerPortal = D2B7B3AB2782E690003C9660 /* Project object */;
			proxyType = 1;
			remoteGlobalIDString = D2F0D9CA278B1A0200977AA9;
			remoteInfo = ComposableArchitecture;
		};
		D24AEF8D278B1B4F00E9FED0 /* PBXContainerItemProxy */ = {
			isa = PBXContainerItemProxy;
			containerPortal = D2B7B3AB2782E690003C9660 /* Project object */;
			proxyType = 1;
			remoteGlobalIDString = D2F0D9CA278B1A0200977AA9;
			remoteInfo = ComposableArchitecture;
		};
		D24AEF91278B1B5300E9FED0 /* PBXContainerItemProxy */ = {
			isa = PBXContainerItemProxy;
			containerPortal = D2B7B3AB2782E690003C9660 /* Project object */;
			proxyType = 1;
			remoteGlobalIDString = D2F0D9CA278B1A0200977AA9;
			remoteInfo = ComposableArchitecture;
		};
		D27295F8278AE58600EB0F8F /* PBXContainerItemProxy */ = {
			isa = PBXContainerItemProxy;
			containerPortal = D2B7B3AB2782E690003C9660 /* Project object */;
			proxyType = 1;
			remoteGlobalIDString = D282FF9D2789B2DF00E2C54C;
			remoteInfo = PrimeModal;
		};
		D272960A278AE6BD00EB0F8F /* PBXContainerItemProxy */ = {
			isa = PBXContainerItemProxy;
			containerPortal = D2B7B3AB2782E690003C9660 /* Project object */;
			proxyType = 1;
			remoteGlobalIDString = D27295FF278AE68B00EB0F8F;
			remoteInfo = UIKitHelper;
		};
		D282FF1D278965B900E2C54C /* PBXContainerItemProxy */ = {
			isa = PBXContainerItemProxy;
			containerPortal = D2B7B3AB2782E690003C9660 /* Project object */;
			proxyType = 1;
			remoteGlobalIDString = D2B7B3B22782E690003C9660;
			remoteInfo = TCAUIKit;
		};
		D282FF5D2789B17C00E2C54C /* PBXContainerItemProxy */ = {
			isa = PBXContainerItemProxy;
			containerPortal = D2B7B3AB2782E690003C9660 /* Project object */;
			proxyType = 1;
			remoteGlobalIDString = D282FF532789B17C00E2C54C;
			remoteInfo = Counter;
		};
		D282FF5F2789B17C00E2C54C /* PBXContainerItemProxy */ = {
			isa = PBXContainerItemProxy;
			containerPortal = D2B7B3AB2782E690003C9660 /* Project object */;
			proxyType = 1;
			remoteGlobalIDString = D2B7B3B22782E690003C9660;
			remoteInfo = TCAUIKit;
		};
		D282FF652789B17C00E2C54C /* PBXContainerItemProxy */ = {
			isa = PBXContainerItemProxy;
			containerPortal = D2B7B3AB2782E690003C9660 /* Project object */;
			proxyType = 1;
			remoteGlobalIDString = D282FF532789B17C00E2C54C;
			remoteInfo = Counter;
		};
		D282FF852789B1EA00E2C54C /* PBXContainerItemProxy */ = {
			isa = PBXContainerItemProxy;
			containerPortal = D2B7B3AB2782E690003C9660 /* Project object */;
			proxyType = 1;
			remoteGlobalIDString = D282FF7B2789B1E900E2C54C;
			remoteInfo = FavoritePrimes;
		};
		D282FF872789B1EA00E2C54C /* PBXContainerItemProxy */ = {
			isa = PBXContainerItemProxy;
			containerPortal = D2B7B3AB2782E690003C9660 /* Project object */;
			proxyType = 1;
			remoteGlobalIDString = D2B7B3B22782E690003C9660;
			remoteInfo = TCAUIKit;
		};
		D282FF8D2789B1EA00E2C54C /* PBXContainerItemProxy */ = {
			isa = PBXContainerItemProxy;
			containerPortal = D2B7B3AB2782E690003C9660 /* Project object */;
			proxyType = 1;
			remoteGlobalIDString = D282FF7B2789B1E900E2C54C;
			remoteInfo = FavoritePrimes;
		};
		D282FFA72789B2DF00E2C54C /* PBXContainerItemProxy */ = {
			isa = PBXContainerItemProxy;
			containerPortal = D2B7B3AB2782E690003C9660 /* Project object */;
			proxyType = 1;
			remoteGlobalIDString = D282FF9D2789B2DF00E2C54C;
			remoteInfo = PrimeModal;
		};
		D282FFA92789B2DF00E2C54C /* PBXContainerItemProxy */ = {
			isa = PBXContainerItemProxy;
			containerPortal = D2B7B3AB2782E690003C9660 /* Project object */;
			proxyType = 1;
			remoteGlobalIDString = D2B7B3B22782E690003C9660;
			remoteInfo = TCAUIKit;
		};
		D282FFAF2789B2DF00E2C54C /* PBXContainerItemProxy */ = {
			isa = PBXContainerItemProxy;
			containerPortal = D2B7B3AB2782E690003C9660 /* Project object */;
			proxyType = 1;
			remoteGlobalIDString = D282FF9D2789B2DF00E2C54C;
			remoteInfo = PrimeModal;
		};
		D2F0D9DD278B1A3200977AA9 /* PBXContainerItemProxy */ = {
			isa = PBXContainerItemProxy;
			containerPortal = D2B7B3AB2782E690003C9660 /* Project object */;
			proxyType = 1;
			remoteGlobalIDString = D2F0D9CA278B1A0200977AA9;
			remoteInfo = ComposableArchitecture;
		};
/* End PBXContainerItemProxy section */

/* Begin PBXCopyFilesBuildPhase section */
		D27295FA278AE58600EB0F8F /* Embed Frameworks */ = {
			isa = PBXCopyFilesBuildPhase;
			buildActionMask = 2147483647;
			dstPath = "";
			dstSubfolderSpec = 10;
			files = (
				D24AEF90278B1B5300E9FED0 /* ComposableArchitecture.framework in Embed Frameworks */,
				D27295F7278AE58600EB0F8F /* PrimeModal.framework in Embed Frameworks */,
				D2729609278AE6BD00EB0F8F /* UIKitHelper.framework in Embed Frameworks */,
			);
			name = "Embed Frameworks";
			runOnlyForDeploymentPostprocessing = 0;
		};
		D2729616278AF32800EB0F8F /* Embed Frameworks */ = {
			isa = PBXCopyFilesBuildPhase;
			buildActionMask = 2147483647;
			dstPath = "";
			dstSubfolderSpec = 10;
			files = (
				D24AEF8C278B1B4F00E9FED0 /* ComposableArchitecture.framework in Embed Frameworks */,
			);
			name = "Embed Frameworks";
			runOnlyForDeploymentPostprocessing = 0;
		};
		D272961B278AF32D00EB0F8F /* Embed Frameworks */ = {
			isa = PBXCopyFilesBuildPhase;
			buildActionMask = 2147483647;
			dstPath = "";
			dstSubfolderSpec = 10;
			files = (
				D24AEF88278B1B4C00E9FED0 /* ComposableArchitecture.framework in Embed Frameworks */,
			);
			name = "Embed Frameworks";
			runOnlyForDeploymentPostprocessing = 0;
		};
		D282FF462789B05D00E2C54C /* Embed Frameworks */ = {
			isa = PBXCopyFilesBuildPhase;
			buildActionMask = 2147483647;
			dstPath = "";
			dstSubfolderSpec = 10;
			files = (
				D24AEF84278B1B1A00E9FED0 /* ComposableArchitecture.framework in Embed Frameworks */,
				D282FF682789B17C00E2C54C /* Counter.framework in Embed Frameworks */,
				D282FFB22789B2DF00E2C54C /* PrimeModal.framework in Embed Frameworks */,
				D282FF902789B1EA00E2C54C /* FavoritePrimes.framework in Embed Frameworks */,
			);
			name = "Embed Frameworks";
			runOnlyForDeploymentPostprocessing = 0;
		};
/* End PBXCopyFilesBuildPhase section */

/* Begin PBXFileReference section */
		D208CF0C27834D14005F74EC /* Wolfram.swift */ = {isa = PBXFileReference; fileEncoding = 4; lastKnownFileType = sourcecode.swift; path = Wolfram.swift; sourceTree = "<group>"; };
		D22277542789B81000AB2ADD /* Ep72ExercisesTests.swift */ = {isa = PBXFileReference; lastKnownFileType = sourcecode.swift; path = Ep72ExercisesTests.swift; sourceTree = "<group>"; };
		D24AEF93278B222A00E9FED0 /* Ep75ExercisesTests.swift */ = {isa = PBXFileReference; lastKnownFileType = sourcecode.swift; path = Ep75ExercisesTests.swift; sourceTree = "<group>"; };
		D251431B27853D110096EC34 /* Helper.swift */ = {isa = PBXFileReference; lastKnownFileType = sourcecode.swift; path = Helper.swift; sourceTree = "<group>"; };
		D251431D278571980096EC34 /* Reducer.swift */ = {isa = PBXFileReference; lastKnownFileType = sourcecode.swift; path = Reducer.swift; sourceTree = "<group>"; };
		D27295F0278AD84B00EB0F8F /* Ep73ExercisesTests.swift */ = {isa = PBXFileReference; lastKnownFileType = sourcecode.swift; path = Ep73ExercisesTests.swift; sourceTree = "<group>"; };
		D27295F3278AE51700EB0F8F /* WolframAlpha.swift */ = {isa = PBXFileReference; lastKnownFileType = sourcecode.swift; path = WolframAlpha.swift; sourceTree = "<group>"; };
		D2729600278AE68B00EB0F8F /* UIKitHelper.framework */ = {isa = PBXFileReference; explicitFileType = wrapper.framework; includeInIndex = 0; path = UIKitHelper.framework; sourceTree = BUILT_PRODUCTS_DIR; };
		D2729602278AE68B00EB0F8F /* UIKitHelper.h */ = {isa = PBXFileReference; lastKnownFileType = sourcecode.c.h; path = UIKitHelper.h; sourceTree = "<group>"; };
		D272960C278AECD300EB0F8F /* Ep74ExercisesTests.swift */ = {isa = PBXFileReference; lastKnownFileType = sourcecode.swift; path = Ep74ExercisesTests.swift; sourceTree = "<group>"; };
		D272960E278AEE1F00EB0F8F /* ExerciseHelper.swift */ = {isa = PBXFileReference; lastKnownFileType = sourcecode.swift; path = ExerciseHelper.swift; sourceTree = "<group>"; };
		D282FF142789648C00E2C54C /* MyPlayground.playground */ = {isa = PBXFileReference; lastKnownFileType = file.playground; name = MyPlayground.playground; path = TCAUIKit/MyPlayground.playground; sourceTree = "<group>"; xcLanguageSpecificationIdentifier = xcode.lang.swift; };
		D282FF19278965B900E2C54C /* TCAUIKitTests.xctest */ = {isa = PBXFileReference; explicitFileType = wrapper.cfbundle; includeInIndex = 0; path = TCAUIKitTests.xctest; sourceTree = BUILT_PRODUCTS_DIR; };
		D282FF1B278965B900E2C54C /* TCAUIKitTests.swift */ = {isa = PBXFileReference; lastKnownFileType = sourcecode.swift; path = TCAUIKitTests.swift; sourceTree = "<group>"; };
		D282FF22278965CC00E2C54C /* Ep68ExercisesTests.swift */ = {isa = PBXFileReference; lastKnownFileType = sourcecode.swift; path = Ep68ExercisesTests.swift; sourceTree = "<group>"; };
		D282FF242789740400E2C54C /* Ep69ExercisesTests.swift */ = {isa = PBXFileReference; lastKnownFileType = sourcecode.swift; path = Ep69ExercisesTests.swift; sourceTree = "<group>"; };
		D282FF2627898BFA00E2C54C /* Ep70ExercisesTests.swift */ = {isa = PBXFileReference; lastKnownFileType = sourcecode.swift; path = Ep70ExercisesTests.swift; sourceTree = "<group>"; };
		D282FF2827898F8300E2C54C /* AppState+Action.swift */ = {isa = PBXFileReference; lastKnownFileType = sourcecode.swift; path = "AppState+Action.swift"; sourceTree = "<group>"; };
		D282FF2A278994ED00E2C54C /* Ep71ExercisesTests.swift */ = {isa = PBXFileReference; lastKnownFileType = sourcecode.swift; path = Ep71ExercisesTests.swift; sourceTree = "<group>"; };
		D282FF542789B17C00E2C54C /* Counter.framework */ = {isa = PBXFileReference; explicitFileType = wrapper.framework; includeInIndex = 0; path = Counter.framework; sourceTree = BUILT_PRODUCTS_DIR; };
		D282FF562789B17C00E2C54C /* Counter.h */ = {isa = PBXFileReference; lastKnownFileType = sourcecode.c.h; path = Counter.h; sourceTree = "<group>"; };
		D282FF5B2789B17C00E2C54C /* CounterTests.xctest */ = {isa = PBXFileReference; explicitFileType = wrapper.cfbundle; includeInIndex = 0; path = CounterTests.xctest; sourceTree = BUILT_PRODUCTS_DIR; };
		D282FF622789B17C00E2C54C /* CounterTests.swift */ = {isa = PBXFileReference; lastKnownFileType = sourcecode.swift; path = CounterTests.swift; sourceTree = "<group>"; };
		D282FF752789B19800E2C54C /* Counter.swift */ = {isa = PBXFileReference; lastKnownFileType = sourcecode.swift; path = Counter.swift; sourceTree = "<group>"; };
		D282FF7C2789B1E900E2C54C /* FavoritePrimes.framework */ = {isa = PBXFileReference; explicitFileType = wrapper.framework; includeInIndex = 0; path = FavoritePrimes.framework; sourceTree = BUILT_PRODUCTS_DIR; };
		D282FF7E2789B1E900E2C54C /* FavoritePrimes.h */ = {isa = PBXFileReference; lastKnownFileType = sourcecode.c.h; path = FavoritePrimes.h; sourceTree = "<group>"; };
		D282FF832789B1EA00E2C54C /* FavoritePrimesTests.xctest */ = {isa = PBXFileReference; explicitFileType = wrapper.cfbundle; includeInIndex = 0; path = FavoritePrimesTests.xctest; sourceTree = BUILT_PRODUCTS_DIR; };
		D282FF8A2789B1EA00E2C54C /* FavoritePrimesTests.swift */ = {isa = PBXFileReference; lastKnownFileType = sourcecode.swift; path = FavoritePrimesTests.swift; sourceTree = "<group>"; };
		D282FF972789B1F400E2C54C /* FavoritePrimes.swift */ = {isa = PBXFileReference; lastKnownFileType = sourcecode.swift; path = FavoritePrimes.swift; sourceTree = "<group>"; };
		D282FF9E2789B2DF00E2C54C /* PrimeModal.framework */ = {isa = PBXFileReference; explicitFileType = wrapper.framework; includeInIndex = 0; path = PrimeModal.framework; sourceTree = BUILT_PRODUCTS_DIR; };
		D282FFA02789B2DF00E2C54C /* PrimeModal.h */ = {isa = PBXFileReference; lastKnownFileType = sourcecode.c.h; path = PrimeModal.h; sourceTree = "<group>"; };
		D282FFA52789B2DF00E2C54C /* PrimeModalTests.xctest */ = {isa = PBXFileReference; explicitFileType = wrapper.cfbundle; includeInIndex = 0; path = PrimeModalTests.xctest; sourceTree = BUILT_PRODUCTS_DIR; };
		D282FFAC2789B2DF00E2C54C /* PrimeModalTests.swift */ = {isa = PBXFileReference; lastKnownFileType = sourcecode.swift; path = PrimeModalTests.swift; sourceTree = "<group>"; };
		D282FFB92789B2EF00E2C54C /* PrimeModal.swift */ = {isa = PBXFileReference; lastKnownFileType = sourcecode.swift; path = PrimeModal.swift; sourceTree = "<group>"; };
		D29178DF278A7F2300C2B90E /* StateTests.swift */ = {isa = PBXFileReference; lastKnownFileType = sourcecode.swift; path = StateTests.swift; sourceTree = "<group>"; };
		D2B7B3B32782E690003C9660 /* TCAUIKit.app */ = {isa = PBXFileReference; explicitFileType = wrapper.application; includeInIndex = 0; path = TCAUIKit.app; sourceTree = BUILT_PRODUCTS_DIR; };
		D2B7B3B62782E690003C9660 /* AppDelegate.swift */ = {isa = PBXFileReference; lastKnownFileType = sourcecode.swift; path = AppDelegate.swift; sourceTree = "<group>"; };
		D2B7B3B82782E690003C9660 /* SceneDelegate.swift */ = {isa = PBXFileReference; lastKnownFileType = sourcecode.swift; path = SceneDelegate.swift; sourceTree = "<group>"; };
		D2B7B3BA2782E690003C9660 /* ViewController.swift */ = {isa = PBXFileReference; lastKnownFileType = sourcecode.swift; path = ViewController.swift; sourceTree = "<group>"; };
		D2B7B3BD2782E690003C9660 /* Base */ = {isa = PBXFileReference; lastKnownFileType = file.storyboard; name = Base; path = Base.lproj/Main.storyboard; sourceTree = "<group>"; };
		D2B7B3BF2782E691003C9660 /* Assets.xcassets */ = {isa = PBXFileReference; lastKnownFileType = folder.assetcatalog; path = Assets.xcassets; sourceTree = "<group>"; };
		D2B7B3C22782E691003C9660 /* Base */ = {isa = PBXFileReference; lastKnownFileType = file.storyboard; name = Base; path = Base.lproj/LaunchScreen.storyboard; sourceTree = "<group>"; };
		D2B7B3C42782E691003C9660 /* Info.plist */ = {isa = PBXFileReference; lastKnownFileType = text.plist.xml; path = Info.plist; sourceTree = "<group>"; };
		D2F0D9CB278B1A0200977AA9 /* ComposableArchitecture.framework */ = {isa = PBXFileReference; explicitFileType = wrapper.framework; includeInIndex = 0; path = ComposableArchitecture.framework; sourceTree = BUILT_PRODUCTS_DIR; };
		D2F0D9D8278B1A3200977AA9 /* ComposableArchitectureTests.xctest */ = {isa = PBXFileReference; explicitFileType = wrapper.cfbundle; includeInIndex = 0; path = ComposableArchitectureTests.xctest; sourceTree = BUILT_PRODUCTS_DIR; };
		D2F0D9DA278B1A3200977AA9 /* ComposableArchitectureTests.swift */ = {isa = PBXFileReference; lastKnownFileType = sourcecode.swift; path = ComposableArchitectureTests.swift; sourceTree = "<group>"; };
		D2F0D9E2278B1A7200977AA9 /* ComposableArchitechure.swift */ = {isa = PBXFileReference; fileEncoding = 4; lastKnownFileType = sourcecode.swift; path = ComposableArchitechure.swift; sourceTree = "<group>"; };
		D2F0D9E3278B1A7200977AA9 /* ObservableStore.swift */ = {isa = PBXFileReference; fileEncoding = 4; lastKnownFileType = sourcecode.swift; path = ObservableStore.swift; sourceTree = "<group>"; };
		D2F0D9E4278B1A7200977AA9 /* State.swift */ = {isa = PBXFileReference; fileEncoding = 4; lastKnownFileType = sourcecode.swift; path = State.swift; sourceTree = "<group>"; };
/* End PBXFileReference section */

/* Begin PBXFrameworksBuildPhase section */
		D27295FD278AE68B00EB0F8F /* Frameworks */ = {
			isa = PBXFrameworksBuildPhase;
			buildActionMask = 2147483647;
			files = (
			);
			runOnlyForDeploymentPostprocessing = 0;
		};
		D282FF16278965B900E2C54C /* Frameworks */ = {
			isa = PBXFrameworksBuildPhase;
			buildActionMask = 2147483647;
			files = (
			);
			runOnlyForDeploymentPostprocessing = 0;
		};
		D282FF512789B17C00E2C54C /* Frameworks */ = {
			isa = PBXFrameworksBuildPhase;
			buildActionMask = 2147483647;
			files = (
				D24AEF8F278B1B5300E9FED0 /* ComposableArchitecture.framework in Frameworks */,
				D27295F6278AE58600EB0F8F /* PrimeModal.framework in Frameworks */,
				D2729608278AE6BD00EB0F8F /* UIKitHelper.framework in Frameworks */,
			);
			runOnlyForDeploymentPostprocessing = 0;
		};
		D282FF582789B17C00E2C54C /* Frameworks */ = {
			isa = PBXFrameworksBuildPhase;
			buildActionMask = 2147483647;
			files = (
				D282FF5C2789B17C00E2C54C /* Counter.framework in Frameworks */,
			);
			runOnlyForDeploymentPostprocessing = 0;
		};
		D282FF792789B1E900E2C54C /* Frameworks */ = {
			isa = PBXFrameworksBuildPhase;
			buildActionMask = 2147483647;
			files = (
				D24AEF8B278B1B4F00E9FED0 /* ComposableArchitecture.framework in Frameworks */,
			);
			runOnlyForDeploymentPostprocessing = 0;
		};
		D282FF802789B1EA00E2C54C /* Frameworks */ = {
			isa = PBXFrameworksBuildPhase;
			buildActionMask = 2147483647;
			files = (
				D282FF842789B1EA00E2C54C /* FavoritePrimes.framework in Frameworks */,
			);
			runOnlyForDeploymentPostprocessing = 0;
		};
		D282FF9B2789B2DF00E2C54C /* Frameworks */ = {
			isa = PBXFrameworksBuildPhase;
			buildActionMask = 2147483647;
			files = (
				D24AEF87278B1B4C00E9FED0 /* ComposableArchitecture.framework in Frameworks */,
			);
			runOnlyForDeploymentPostprocessing = 0;
		};
		D282FFA22789B2DF00E2C54C /* Frameworks */ = {
			isa = PBXFrameworksBuildPhase;
			buildActionMask = 2147483647;
			files = (
				D282FFA62789B2DF00E2C54C /* PrimeModal.framework in Frameworks */,
			);
			runOnlyForDeploymentPostprocessing = 0;
		};
		D2B7B3B02782E690003C9660 /* Frameworks */ = {
			isa = PBXFrameworksBuildPhase;
			buildActionMask = 2147483647;
			files = (
				D24AEF83278B1B1A00E9FED0 /* ComposableArchitecture.framework in Frameworks */,
				D282FF672789B17C00E2C54C /* Counter.framework in Frameworks */,
				D282FFB12789B2DF00E2C54C /* PrimeModal.framework in Frameworks */,
				D282FF8F2789B1EA00E2C54C /* FavoritePrimes.framework in Frameworks */,
			);
			runOnlyForDeploymentPostprocessing = 0;
		};
		D2F0D9C8278B1A0200977AA9 /* Frameworks */ = {
			isa = PBXFrameworksBuildPhase;
			buildActionMask = 2147483647;
			files = (
			);
			runOnlyForDeploymentPostprocessing = 0;
		};
		D2F0D9D5278B1A3200977AA9 /* Frameworks */ = {
			isa = PBXFrameworksBuildPhase;
			buildActionMask = 2147483647;
			files = (
				D2F0D9DC278B1A3200977AA9 /* ComposableArchitecture.framework in Frameworks */,
			);
			runOnlyForDeploymentPostprocessing = 0;
		};
/* End PBXFrameworksBuildPhase section */

/* Begin PBXGroup section */
		D2729601278AE68B00EB0F8F /* UIKitHelper */ = {
			isa = PBXGroup;
			children = (
				D251431B27853D110096EC34 /* Helper.swift */,
				D2729602278AE68B00EB0F8F /* UIKitHelper.h */,
			);
			path = UIKitHelper;
			sourceTree = "<group>";
		};
		D282FF1A278965B900E2C54C /* TCAUIKitTests */ = {
			isa = PBXGroup;
			children = (
				D29178E1278A7FAB00C2B90E /* TCAUIKitTests */,
				D282FF22278965CC00E2C54C /* Ep68ExercisesTests.swift */,
				D282FF242789740400E2C54C /* Ep69ExercisesTests.swift */,
				D282FF2627898BFA00E2C54C /* Ep70ExercisesTests.swift */,
				D282FF2A278994ED00E2C54C /* Ep71ExercisesTests.swift */,
				D22277542789B81000AB2ADD /* Ep72ExercisesTests.swift */,
				D27295F0278AD84B00EB0F8F /* Ep73ExercisesTests.swift */,
				D272960C278AECD300EB0F8F /* Ep74ExercisesTests.swift */,
				D24AEF93278B222A00E9FED0 /* Ep75ExercisesTests.swift */,
				D272960E278AEE1F00EB0F8F /* ExerciseHelper.swift */,
			);
			path = TCAUIKitTests;
			sourceTree = "<group>";
		};
		D282FF552789B17C00E2C54C /* Counter */ = {
			isa = PBXGroup;
			children = (
				D282FF562789B17C00E2C54C /* Counter.h */,
				D282FF752789B19800E2C54C /* Counter.swift */,
				D27295F3278AE51700EB0F8F /* WolframAlpha.swift */,
				D208CF0C27834D14005F74EC /* Wolfram.swift */,
			);
			path = Counter;
			sourceTree = "<group>";
		};
		D282FF612789B17C00E2C54C /* CounterTests */ = {
			isa = PBXGroup;
			children = (
				D282FF622789B17C00E2C54C /* CounterTests.swift */,
			);
			path = CounterTests;
			sourceTree = "<group>";
		};
		D282FF6F2789B18300E2C54C /* Frameworks */ = {
			isa = PBXGroup;
			children = (
			);
			name = Frameworks;
			sourceTree = "<group>";
		};
		D282FF7D2789B1E900E2C54C /* FavoritePrimes */ = {
			isa = PBXGroup;
			children = (
				D282FF7E2789B1E900E2C54C /* FavoritePrimes.h */,
				D282FF972789B1F400E2C54C /* FavoritePrimes.swift */,
			);
			path = FavoritePrimes;
			sourceTree = "<group>";
		};
		D282FF892789B1EA00E2C54C /* FavoritePrimesTests */ = {
			isa = PBXGroup;
			children = (
				D282FF8A2789B1EA00E2C54C /* FavoritePrimesTests.swift */,
			);
			path = FavoritePrimesTests;
			sourceTree = "<group>";
		};
		D282FF9F2789B2DF00E2C54C /* PrimeModal */ = {
			isa = PBXGroup;
			children = (
				D282FFA02789B2DF00E2C54C /* PrimeModal.h */,
				D282FFB92789B2EF00E2C54C /* PrimeModal.swift */,
			);
			path = PrimeModal;
			sourceTree = "<group>";
		};
		D282FFAB2789B2DF00E2C54C /* PrimeModalTests */ = {
			isa = PBXGroup;
			children = (
				D282FFAC2789B2DF00E2C54C /* PrimeModalTests.swift */,
			);
			path = PrimeModalTests;
			sourceTree = "<group>";
		};
		D29178E1278A7FAB00C2B90E /* TCAUIKitTests */ = {
			isa = PBXGroup;
			children = (
				D282FF1B278965B900E2C54C /* TCAUIKitTests.swift */,
				D29178DF278A7F2300C2B90E /* StateTests.swift */,
			);
			path = TCAUIKitTests;
			sourceTree = "<group>";
		};
		D2B7B3AA2782E690003C9660 = {
			isa = PBXGroup;
			children = (
				D2F0D9CC278B1A0200977AA9 /* ComposableArchitecture */,
				D2F0D9D9278B1A3200977AA9 /* ComposableArchitectureTests */,
				D282FF552789B17C00E2C54C /* Counter */,
				D282FF612789B17C00E2C54C /* CounterTests */,
				D282FF7D2789B1E900E2C54C /* FavoritePrimes */,
				D282FF892789B1EA00E2C54C /* FavoritePrimesTests */,
				D282FF6F2789B18300E2C54C /* Frameworks */,
				D282FF142789648C00E2C54C /* MyPlayground.playground */,
				D282FF9F2789B2DF00E2C54C /* PrimeModal */,
				D282FFAB2789B2DF00E2C54C /* PrimeModalTests */,
				D2B7B3B42782E690003C9660 /* Products */,
				D2B7B3B52782E690003C9660 /* TCAUIKit */,
				D282FF1A278965B900E2C54C /* TCAUIKitTests */,
				D2729601278AE68B00EB0F8F /* UIKitHelper */,
			);
			sourceTree = "<group>";
		};
		D2B7B3B42782E690003C9660 /* Products */ = {
			isa = PBXGroup;
			children = (
				D2B7B3B32782E690003C9660 /* TCAUIKit.app */,
				D282FF19278965B900E2C54C /* TCAUIKitTests.xctest */,
				D282FF542789B17C00E2C54C /* Counter.framework */,
				D282FF5B2789B17C00E2C54C /* CounterTests.xctest */,
				D282FF7C2789B1E900E2C54C /* FavoritePrimes.framework */,
				D282FF832789B1EA00E2C54C /* FavoritePrimesTests.xctest */,
				D282FF9E2789B2DF00E2C54C /* PrimeModal.framework */,
				D282FFA52789B2DF00E2C54C /* PrimeModalTests.xctest */,
				D2729600278AE68B00EB0F8F /* UIKitHelper.framework */,
				D2F0D9CB278B1A0200977AA9 /* ComposableArchitecture.framework */,
				D2F0D9D8278B1A3200977AA9 /* ComposableArchitectureTests.xctest */,
			);
			name = Products;
			sourceTree = "<group>";
		};
		D2B7B3B52782E690003C9660 /* TCAUIKit */ = {
			isa = PBXGroup;
			children = (
				D2B7B3B62782E690003C9660 /* AppDelegate.swift */,
				D2B7B3BF2782E691003C9660 /* Assets.xcassets */,
				D2B7B3C42782E691003C9660 /* Info.plist */,
				D2B7B3C12782E691003C9660 /* LaunchScreen.storyboard */,
				D2B7B3BC2782E690003C9660 /* Main.storyboard */,
				D251431D278571980096EC34 /* Reducer.swift */,
				D2B7B3B82782E690003C9660 /* SceneDelegate.swift */,
				D2B7B3BA2782E690003C9660 /* ViewController.swift */,
				D282FF2827898F8300E2C54C /* AppState+Action.swift */,
			);
			path = TCAUIKit;
			sourceTree = "<group>";
		};
		D2F0D9CC278B1A0200977AA9 /* ComposableArchitecture */ = {
			isa = PBXGroup;
			children = (
				D2F0D9E2278B1A7200977AA9 /* ComposableArchitechure.swift */,
				D2F0D9E3278B1A7200977AA9 /* ObservableStore.swift */,
				D2F0D9E4278B1A7200977AA9 /* State.swift */,
			);
			path = ComposableArchitecture;
			sourceTree = "<group>";
		};
		D2F0D9D9278B1A3200977AA9 /* ComposableArchitectureTests */ = {
			isa = PBXGroup;
			children = (
				D2F0D9DA278B1A3200977AA9 /* ComposableArchitectureTests.swift */,
			);
			path = ComposableArchitectureTests;
			sourceTree = "<group>";
		};
/* End PBXGroup section */

/* Begin PBXHeadersBuildPhase section */
		D27295FB278AE68B00EB0F8F /* Headers */ = {
			isa = PBXHeadersBuildPhase;
			buildActionMask = 2147483647;
			files = (
				D2729603278AE68B00EB0F8F /* UIKitHelper.h in Headers */,
			);
			runOnlyForDeploymentPostprocessing = 0;
		};
		D282FF4F2789B17C00E2C54C /* Headers */ = {
			isa = PBXHeadersBuildPhase;
			buildActionMask = 2147483647;
			files = (
				D282FF642789B17C00E2C54C /* Counter.h in Headers */,
			);
			runOnlyForDeploymentPostprocessing = 0;
		};
		D282FF772789B1E900E2C54C /* Headers */ = {
			isa = PBXHeadersBuildPhase;
			buildActionMask = 2147483647;
			files = (
				D282FF8C2789B1EA00E2C54C /* FavoritePrimes.h in Headers */,
			);
			runOnlyForDeploymentPostprocessing = 0;
		};
		D282FF992789B2DF00E2C54C /* Headers */ = {
			isa = PBXHeadersBuildPhase;
			buildActionMask = 2147483647;
			files = (
				D282FFAE2789B2DF00E2C54C /* PrimeModal.h in Headers */,
			);
			runOnlyForDeploymentPostprocessing = 0;
		};
		D2F0D9C6278B1A0200977AA9 /* Headers */ = {
			isa = PBXHeadersBuildPhase;
			buildActionMask = 2147483647;
			files = (
			);
			runOnlyForDeploymentPostprocessing = 0;
		};
/* End PBXHeadersBuildPhase section */

/* Begin PBXNativeTarget section */
		D27295FF278AE68B00EB0F8F /* UIKitHelper */ = {
			isa = PBXNativeTarget;
			buildConfigurationList = D2729604278AE68B00EB0F8F /* Build configuration list for PBXNativeTarget "UIKitHelper" */;
			buildPhases = (
				D27295FB278AE68B00EB0F8F /* Headers */,
				D27295FC278AE68B00EB0F8F /* Sources */,
				D27295FD278AE68B00EB0F8F /* Frameworks */,
				D27295FE278AE68B00EB0F8F /* Resources */,
			);
			buildRules = (
			);
			dependencies = (
			);
			name = UIKitHelper;
			productName = UIKitHelper;
			productReference = D2729600278AE68B00EB0F8F /* UIKitHelper.framework */;
			productType = "com.apple.product-type.framework";
		};
		D282FF18278965B900E2C54C /* TCAUIKitTests */ = {
			isa = PBXNativeTarget;
			buildConfigurationList = D282FF1F278965B900E2C54C /* Build configuration list for PBXNativeTarget "TCAUIKitTests" */;
			buildPhases = (
				D282FF15278965B900E2C54C /* Sources */,
				D282FF16278965B900E2C54C /* Frameworks */,
				D282FF17278965B900E2C54C /* Resources */,
			);
			buildRules = (
			);
			dependencies = (
				D282FF1E278965B900E2C54C /* PBXTargetDependency */,
			);
			name = TCAUIKitTests;
			productName = TCAUIKitTests;
			productReference = D282FF19278965B900E2C54C /* TCAUIKitTests.xctest */;
			productType = "com.apple.product-type.bundle.unit-test";
		};
		D282FF532789B17C00E2C54C /* Counter */ = {
			isa = PBXNativeTarget;
			buildConfigurationList = D282FF692789B17C00E2C54C /* Build configuration list for PBXNativeTarget "Counter" */;
			buildPhases = (
				D282FF4F2789B17C00E2C54C /* Headers */,
				D282FF502789B17C00E2C54C /* Sources */,
				D282FF512789B17C00E2C54C /* Frameworks */,
				D282FF522789B17C00E2C54C /* Resources */,
				D27295FA278AE58600EB0F8F /* Embed Frameworks */,
			);
			buildRules = (
			);
			dependencies = (
				D27295F9278AE58600EB0F8F /* PBXTargetDependency */,
				D272960B278AE6BD00EB0F8F /* PBXTargetDependency */,
				D24AEF92278B1B5300E9FED0 /* PBXTargetDependency */,
			);
			name = Counter;
			productName = Counter;
			productReference = D282FF542789B17C00E2C54C /* Counter.framework */;
			productType = "com.apple.product-type.framework";
		};
		D282FF5A2789B17C00E2C54C /* CounterTests */ = {
			isa = PBXNativeTarget;
			buildConfigurationList = D282FF6C2789B17C00E2C54C /* Build configuration list for PBXNativeTarget "CounterTests" */;
			buildPhases = (
				D282FF572789B17C00E2C54C /* Sources */,
				D282FF582789B17C00E2C54C /* Frameworks */,
				D282FF592789B17C00E2C54C /* Resources */,
			);
			buildRules = (
			);
			dependencies = (
				D282FF5E2789B17C00E2C54C /* PBXTargetDependency */,
				D282FF602789B17C00E2C54C /* PBXTargetDependency */,
			);
			name = CounterTests;
			productName = CounterTests;
			productReference = D282FF5B2789B17C00E2C54C /* CounterTests.xctest */;
			productType = "com.apple.product-type.bundle.unit-test";
		};
		D282FF7B2789B1E900E2C54C /* FavoritePrimes */ = {
			isa = PBXNativeTarget;
			buildConfigurationList = D282FF912789B1EA00E2C54C /* Build configuration list for PBXNativeTarget "FavoritePrimes" */;
			buildPhases = (
				D282FF772789B1E900E2C54C /* Headers */,
				D282FF782789B1E900E2C54C /* Sources */,
				D282FF792789B1E900E2C54C /* Frameworks */,
				D282FF7A2789B1E900E2C54C /* Resources */,
				D2729616278AF32800EB0F8F /* Embed Frameworks */,
			);
			buildRules = (
			);
			dependencies = (
				D24AEF8E278B1B4F00E9FED0 /* PBXTargetDependency */,
			);
			name = FavoritePrimes;
			productName = FavoritePrimes;
			productReference = D282FF7C2789B1E900E2C54C /* FavoritePrimes.framework */;
			productType = "com.apple.product-type.framework";
		};
		D282FF822789B1EA00E2C54C /* FavoritePrimesTests */ = {
			isa = PBXNativeTarget;
			buildConfigurationList = D282FF942789B1EA00E2C54C /* Build configuration list for PBXNativeTarget "FavoritePrimesTests" */;
			buildPhases = (
				D282FF7F2789B1EA00E2C54C /* Sources */,
				D282FF802789B1EA00E2C54C /* Frameworks */,
				D282FF812789B1EA00E2C54C /* Resources */,
			);
			buildRules = (
			);
			dependencies = (
				D282FF862789B1EA00E2C54C /* PBXTargetDependency */,
				D282FF882789B1EA00E2C54C /* PBXTargetDependency */,
			);
			name = FavoritePrimesTests;
			productName = FavoritePrimesTests;
			productReference = D282FF832789B1EA00E2C54C /* FavoritePrimesTests.xctest */;
			productType = "com.apple.product-type.bundle.unit-test";
		};
		D282FF9D2789B2DF00E2C54C /* PrimeModal */ = {
			isa = PBXNativeTarget;
			buildConfigurationList = D282FFB32789B2DF00E2C54C /* Build configuration list for PBXNativeTarget "PrimeModal" */;
			buildPhases = (
				D282FF992789B2DF00E2C54C /* Headers */,
				D282FF9A2789B2DF00E2C54C /* Sources */,
				D282FF9B2789B2DF00E2C54C /* Frameworks */,
				D282FF9C2789B2DF00E2C54C /* Resources */,
				D272961B278AF32D00EB0F8F /* Embed Frameworks */,
			);
			buildRules = (
			);
			dependencies = (
				D24AEF8A278B1B4C00E9FED0 /* PBXTargetDependency */,
			);
			name = PrimeModal;
			productName = PrimeModal;
			productReference = D282FF9E2789B2DF00E2C54C /* PrimeModal.framework */;
			productType = "com.apple.product-type.framework";
		};
		D282FFA42789B2DF00E2C54C /* PrimeModalTests */ = {
			isa = PBXNativeTarget;
			buildConfigurationList = D282FFB62789B2DF00E2C54C /* Build configuration list for PBXNativeTarget "PrimeModalTests" */;
			buildPhases = (
				D282FFA12789B2DF00E2C54C /* Sources */,
				D282FFA22789B2DF00E2C54C /* Frameworks */,
				D282FFA32789B2DF00E2C54C /* Resources */,
			);
			buildRules = (
			);
			dependencies = (
				D282FFA82789B2DF00E2C54C /* PBXTargetDependency */,
				D282FFAA2789B2DF00E2C54C /* PBXTargetDependency */,
			);
			name = PrimeModalTests;
			productName = PrimeModalTests;
			productReference = D282FFA52789B2DF00E2C54C /* PrimeModalTests.xctest */;
			productType = "com.apple.product-type.bundle.unit-test";
		};
		D2B7B3B22782E690003C9660 /* TCAUIKit */ = {
			isa = PBXNativeTarget;
			buildConfigurationList = D2B7B3C72782E691003C9660 /* Build configuration list for PBXNativeTarget "TCAUIKit" */;
			buildPhases = (
				D2B7B3AF2782E690003C9660 /* Sources */,
				D2B7B3B02782E690003C9660 /* Frameworks */,
				D2B7B3B12782E690003C9660 /* Resources */,
				D282FF462789B05D00E2C54C /* Embed Frameworks */,
			);
			buildRules = (
			);
			dependencies = (
				D282FF662789B17C00E2C54C /* PBXTargetDependency */,
				D282FF8E2789B1EA00E2C54C /* PBXTargetDependency */,
				D282FFB02789B2DF00E2C54C /* PBXTargetDependency */,
				D24AEF86278B1B1A00E9FED0 /* PBXTargetDependency */,
			);
			name = TCAUIKit;
			productName = TCAUIKit;
			productReference = D2B7B3B32782E690003C9660 /* TCAUIKit.app */;
			productType = "com.apple.product-type.application";
		};
		D2F0D9CA278B1A0200977AA9 /* ComposableArchitecture */ = {
			isa = PBXNativeTarget;
			buildConfigurationList = D2F0D9CF278B1A0200977AA9 /* Build configuration list for PBXNativeTarget "ComposableArchitecture" */;
			buildPhases = (
				D2F0D9C6278B1A0200977AA9 /* Headers */,
				D2F0D9C7278B1A0200977AA9 /* Sources */,
				D2F0D9C8278B1A0200977AA9 /* Frameworks */,
				D2F0D9C9278B1A0200977AA9 /* Resources */,
			);
			buildRules = (
			);
			dependencies = (
			);
			name = ComposableArchitecture;
			productName = ComposableArchitecture;
			productReference = D2F0D9CB278B1A0200977AA9 /* ComposableArchitecture.framework */;
			productType = "com.apple.product-type.framework";
		};
		D2F0D9D7278B1A3200977AA9 /* ComposableArchitectureTests */ = {
			isa = PBXNativeTarget;
			buildConfigurationList = D2F0D9DF278B1A3200977AA9 /* Build configuration list for PBXNativeTarget "ComposableArchitectureTests" */;
			buildPhases = (
				D2F0D9D4278B1A3200977AA9 /* Sources */,
				D2F0D9D5278B1A3200977AA9 /* Frameworks */,
				D2F0D9D6278B1A3200977AA9 /* Resources */,
			);
			buildRules = (
			);
			dependencies = (
				D2F0D9DE278B1A3200977AA9 /* PBXTargetDependency */,
			);
			name = ComposableArchitectureTests;
			productName = ComposableArchitectureTests;
			productReference = D2F0D9D8278B1A3200977AA9 /* ComposableArchitectureTests.xctest */;
			productType = "com.apple.product-type.bundle.unit-test";
		};
/* End PBXNativeTarget section */

/* Begin PBXProject section */
		D2B7B3AB2782E690003C9660 /* Project object */ = {
			isa = PBXProject;
			attributes = {
				BuildIndependentTargetsInParallel = 1;
				LastSwiftUpdateCheck = 1320;
				LastUpgradeCheck = 1320;
				TargetAttributes = {
					D27295FF278AE68B00EB0F8F = {
						CreatedOnToolsVersion = 13.2.1;
					};
					D282FF18278965B900E2C54C = {
						CreatedOnToolsVersion = 13.2.1;
						TestTargetID = D2B7B3B22782E690003C9660;
					};
					D282FF532789B17C00E2C54C = {
						CreatedOnToolsVersion = 13.2.1;
						LastSwiftMigration = 1320;
					};
					D282FF5A2789B17C00E2C54C = {
						CreatedOnToolsVersion = 13.2.1;
					};
					D282FF7B2789B1E900E2C54C = {
						CreatedOnToolsVersion = 13.2.1;
						LastSwiftMigration = 1320;
					};
					D282FF822789B1EA00E2C54C = {
						CreatedOnToolsVersion = 13.2.1;
					};
					D282FF9D2789B2DF00E2C54C = {
						CreatedOnToolsVersion = 13.2.1;
						LastSwiftMigration = 1320;
					};
					D282FFA42789B2DF00E2C54C = {
						CreatedOnToolsVersion = 13.2.1;
					};
					D2B7B3B22782E690003C9660 = {
						CreatedOnToolsVersion = 13.2.1;
					};
					D2F0D9CA278B1A0200977AA9 = {
						CreatedOnToolsVersion = 13.2.1;
						LastSwiftMigration = 1320;
					};
					D2F0D9D7278B1A3200977AA9 = {
						CreatedOnToolsVersion = 13.2.1;
					};
				};
			};
			buildConfigurationList = D2B7B3AE2782E690003C9660 /* Build configuration list for PBXProject "TCAUIKit" */;
			compatibilityVersion = "Xcode 13.0";
			developmentRegion = en;
			hasScannedForEncodings = 0;
			knownRegions = (
				en,
				Base,
			);
			mainGroup = D2B7B3AA2782E690003C9660;
			productRefGroup = D2B7B3B42782E690003C9660 /* Products */;
			projectDirPath = "";
			projectRoot = "";
			targets = (
				D2B7B3B22782E690003C9660 /* TCAUIKit */,
				D282FF18278965B900E2C54C /* TCAUIKitTests */,
				D282FF532789B17C00E2C54C /* Counter */,
				D282FF5A2789B17C00E2C54C /* CounterTests */,
				D282FF7B2789B1E900E2C54C /* FavoritePrimes */,
				D282FF822789B1EA00E2C54C /* FavoritePrimesTests */,
				D282FF9D2789B2DF00E2C54C /* PrimeModal */,
				D282FFA42789B2DF00E2C54C /* PrimeModalTests */,
				D27295FF278AE68B00EB0F8F /* UIKitHelper */,
				D2F0D9CA278B1A0200977AA9 /* ComposableArchitecture */,
				D2F0D9D7278B1A3200977AA9 /* ComposableArchitectureTests */,
			);
		};
/* End PBXProject section */

/* Begin PBXResourcesBuildPhase section */
		D27295FE278AE68B00EB0F8F /* Resources */ = {
			isa = PBXResourcesBuildPhase;
			buildActionMask = 2147483647;
			files = (
			);
			runOnlyForDeploymentPostprocessing = 0;
		};
		D282FF17278965B900E2C54C /* Resources */ = {
			isa = PBXResourcesBuildPhase;
			buildActionMask = 2147483647;
			files = (
			);
			runOnlyForDeploymentPostprocessing = 0;
		};
		D282FF522789B17C00E2C54C /* Resources */ = {
			isa = PBXResourcesBuildPhase;
			buildActionMask = 2147483647;
			files = (
			);
			runOnlyForDeploymentPostprocessing = 0;
		};
		D282FF592789B17C00E2C54C /* Resources */ = {
			isa = PBXResourcesBuildPhase;
			buildActionMask = 2147483647;
			files = (
			);
			runOnlyForDeploymentPostprocessing = 0;
		};
		D282FF7A2789B1E900E2C54C /* Resources */ = {
			isa = PBXResourcesBuildPhase;
			buildActionMask = 2147483647;
			files = (
			);
			runOnlyForDeploymentPostprocessing = 0;
		};
		D282FF812789B1EA00E2C54C /* Resources */ = {
			isa = PBXResourcesBuildPhase;
			buildActionMask = 2147483647;
			files = (
			);
			runOnlyForDeploymentPostprocessing = 0;
		};
		D282FF9C2789B2DF00E2C54C /* Resources */ = {
			isa = PBXResourcesBuildPhase;
			buildActionMask = 2147483647;
			files = (
			);
			runOnlyForDeploymentPostprocessing = 0;
		};
		D282FFA32789B2DF00E2C54C /* Resources */ = {
			isa = PBXResourcesBuildPhase;
			buildActionMask = 2147483647;
			files = (
			);
			runOnlyForDeploymentPostprocessing = 0;
		};
		D2B7B3B12782E690003C9660 /* Resources */ = {
			isa = PBXResourcesBuildPhase;
			buildActionMask = 2147483647;
			files = (
				D2B7B3C32782E691003C9660 /* LaunchScreen.storyboard in Resources */,
				D2B7B3C02782E691003C9660 /* Assets.xcassets in Resources */,
				D2B7B3BE2782E690003C9660 /* Main.storyboard in Resources */,
			);
			runOnlyForDeploymentPostprocessing = 0;
		};
		D2F0D9C9278B1A0200977AA9 /* Resources */ = {
			isa = PBXResourcesBuildPhase;
			buildActionMask = 2147483647;
			files = (
			);
			runOnlyForDeploymentPostprocessing = 0;
		};
		D2F0D9D6278B1A3200977AA9 /* Resources */ = {
			isa = PBXResourcesBuildPhase;
			buildActionMask = 2147483647;
			files = (
			);
			runOnlyForDeploymentPostprocessing = 0;
		};
/* End PBXResourcesBuildPhase section */

/* Begin PBXSourcesBuildPhase section */
		D27295FC278AE68B00EB0F8F /* Sources */ = {
			isa = PBXSourcesBuildPhase;
			buildActionMask = 2147483647;
			files = (
				D2729607278AE69900EB0F8F /* Helper.swift in Sources */,
			);
			runOnlyForDeploymentPostprocessing = 0;
		};
		D282FF15278965B900E2C54C /* Sources */ = {
			isa = PBXSourcesBuildPhase;
			buildActionMask = 2147483647;
			files = (
				D27295F1278AD84B00EB0F8F /* Ep73ExercisesTests.swift in Sources */,
				D282FF1C278965B900E2C54C /* TCAUIKitTests.swift in Sources */,
				D29178E0278A7F2300C2B90E /* StateTests.swift in Sources */,
				D22277552789B81000AB2ADD /* Ep72ExercisesTests.swift in Sources */,
				D282FF2727898BFA00E2C54C /* Ep70ExercisesTests.swift in Sources */,
				D282FF23278965CC00E2C54C /* Ep68ExercisesTests.swift in Sources */,
				D282FF252789740400E2C54C /* Ep69ExercisesTests.swift in Sources */,
				D272960F278AEE1F00EB0F8F /* ExerciseHelper.swift in Sources */,
				D272960D278AECD300EB0F8F /* Ep74ExercisesTests.swift in Sources */,
				D282FF2B278994ED00E2C54C /* Ep71ExercisesTests.swift in Sources */,
				D24AEF94278B222A00E9FED0 /* Ep75ExercisesTests.swift in Sources */,
			);
			runOnlyForDeploymentPostprocessing = 0;
		};
		D282FF502789B17C00E2C54C /* Sources */ = {
			isa = PBXSourcesBuildPhase;
			buildActionMask = 2147483647;
			files = (
				D27295F5278AE52E00EB0F8F /* Wolfram.swift in Sources */,
				D27295F4278AE51700EB0F8F /* WolframAlpha.swift in Sources */,
				D282FF762789B19800E2C54C /* Counter.swift in Sources */,
			);
			runOnlyForDeploymentPostprocessing = 0;
		};
		D282FF572789B17C00E2C54C /* Sources */ = {
			isa = PBXSourcesBuildPhase;
			buildActionMask = 2147483647;
			files = (
				D282FF632789B17C00E2C54C /* CounterTests.swift in Sources */,
			);
			runOnlyForDeploymentPostprocessing = 0;
		};
		D282FF782789B1E900E2C54C /* Sources */ = {
			isa = PBXSourcesBuildPhase;
			buildActionMask = 2147483647;
			files = (
				D282FF982789B1F400E2C54C /* FavoritePrimes.swift in Sources */,
			);
			runOnlyForDeploymentPostprocessing = 0;
		};
		D282FF7F2789B1EA00E2C54C /* Sources */ = {
			isa = PBXSourcesBuildPhase;
			buildActionMask = 2147483647;
			files = (
				D282FF8B2789B1EA00E2C54C /* FavoritePrimesTests.swift in Sources */,
			);
			runOnlyForDeploymentPostprocessing = 0;
		};
		D282FF9A2789B2DF00E2C54C /* Sources */ = {
			isa = PBXSourcesBuildPhase;
			buildActionMask = 2147483647;
			files = (
				D282FFBA2789B2EF00E2C54C /* PrimeModal.swift in Sources */,
			);
			runOnlyForDeploymentPostprocessing = 0;
		};
		D282FFA12789B2DF00E2C54C /* Sources */ = {
			isa = PBXSourcesBuildPhase;
			buildActionMask = 2147483647;
			files = (
				D282FFAD2789B2DF00E2C54C /* PrimeModalTests.swift in Sources */,
			);
			runOnlyForDeploymentPostprocessing = 0;
		};
		D2B7B3AF2782E690003C9660 /* Sources */ = {
			isa = PBXSourcesBuildPhase;
			buildActionMask = 2147483647;
			files = (
				D2B7B3BB2782E690003C9660 /* ViewController.swift in Sources */,
				D251431E278571980096EC34 /* Reducer.swift in Sources */,
				D282FF2927898F8300E2C54C /* AppState+Action.swift in Sources */,
				D2B7B3B72782E690003C9660 /* AppDelegate.swift in Sources */,
				D2B7B3B92782E690003C9660 /* SceneDelegate.swift in Sources */,
			);
			runOnlyForDeploymentPostprocessing = 0;
		};
		D2F0D9C7278B1A0200977AA9 /* Sources */ = {
			isa = PBXSourcesBuildPhase;
			buildActionMask = 2147483647;
			files = (
				D2F0D9E5278B1A7200977AA9 /* ComposableArchitechure.swift in Sources */,
				D2F0D9E6278B1A7200977AA9 /* ObservableStore.swift in Sources */,
				D2F0D9E7278B1A7200977AA9 /* State.swift in Sources */,
			);
			runOnlyForDeploymentPostprocessing = 0;
		};
		D2F0D9D4278B1A3200977AA9 /* Sources */ = {
			isa = PBXSourcesBuildPhase;
			buildActionMask = 2147483647;
			files = (
				D2F0D9DB278B1A3200977AA9 /* ComposableArchitectureTests.swift in Sources */,
			);
			runOnlyForDeploymentPostprocessing = 0;
		};
/* End PBXSourcesBuildPhase section */

/* Begin PBXTargetDependency section */
		D24AEF86278B1B1A00E9FED0 /* PBXTargetDependency */ = {
			isa = PBXTargetDependency;
			target = D2F0D9CA278B1A0200977AA9 /* ComposableArchitecture */;
			targetProxy = D24AEF85278B1B1A00E9FED0 /* PBXContainerItemProxy */;
		};
		D24AEF8A278B1B4C00E9FED0 /* PBXTargetDependency */ = {
			isa = PBXTargetDependency;
			platformFilter = ios;
			target = D2F0D9CA278B1A0200977AA9 /* ComposableArchitecture */;
			targetProxy = D24AEF89278B1B4C00E9FED0 /* PBXContainerItemProxy */;
		};
		D24AEF8E278B1B4F00E9FED0 /* PBXTargetDependency */ = {
			isa = PBXTargetDependency;
			platformFilter = ios;
			target = D2F0D9CA278B1A0200977AA9 /* ComposableArchitecture */;
			targetProxy = D24AEF8D278B1B4F00E9FED0 /* PBXContainerItemProxy */;
		};
		D24AEF92278B1B5300E9FED0 /* PBXTargetDependency */ = {
			isa = PBXTargetDependency;
			platformFilter = ios;
			target = D2F0D9CA278B1A0200977AA9 /* ComposableArchitecture */;
			targetProxy = D24AEF91278B1B5300E9FED0 /* PBXContainerItemProxy */;
		};
		D27295F9278AE58600EB0F8F /* PBXTargetDependency */ = {
			isa = PBXTargetDependency;
			target = D282FF9D2789B2DF00E2C54C /* PrimeModal */;
			targetProxy = D27295F8278AE58600EB0F8F /* PBXContainerItemProxy */;
		};
		D272960B278AE6BD00EB0F8F /* PBXTargetDependency */ = {
			isa = PBXTargetDependency;
			target = D27295FF278AE68B00EB0F8F /* UIKitHelper */;
			targetProxy = D272960A278AE6BD00EB0F8F /* PBXContainerItemProxy */;
		};
		D282FF1E278965B900E2C54C /* PBXTargetDependency */ = {
			isa = PBXTargetDependency;
			target = D2B7B3B22782E690003C9660 /* TCAUIKit */;
			targetProxy = D282FF1D278965B900E2C54C /* PBXContainerItemProxy */;
		};
		D282FF5E2789B17C00E2C54C /* PBXTargetDependency */ = {
			isa = PBXTargetDependency;
			target = D282FF532789B17C00E2C54C /* Counter */;
			targetProxy = D282FF5D2789B17C00E2C54C /* PBXContainerItemProxy */;
		};
		D282FF602789B17C00E2C54C /* PBXTargetDependency */ = {
			isa = PBXTargetDependency;
			target = D2B7B3B22782E690003C9660 /* TCAUIKit */;
			targetProxy = D282FF5F2789B17C00E2C54C /* PBXContainerItemProxy */;
		};
		D282FF662789B17C00E2C54C /* PBXTargetDependency */ = {
			isa = PBXTargetDependency;
			target = D282FF532789B17C00E2C54C /* Counter */;
			targetProxy = D282FF652789B17C00E2C54C /* PBXContainerItemProxy */;
		};
		D282FF862789B1EA00E2C54C /* PBXTargetDependency */ = {
			isa = PBXTargetDependency;
			target = D282FF7B2789B1E900E2C54C /* FavoritePrimes */;
			targetProxy = D282FF852789B1EA00E2C54C /* PBXContainerItemProxy */;
		};
		D282FF882789B1EA00E2C54C /* PBXTargetDependency */ = {
			isa = PBXTargetDependency;
			target = D2B7B3B22782E690003C9660 /* TCAUIKit */;
			targetProxy = D282FF872789B1EA00E2C54C /* PBXContainerItemProxy */;
		};
		D282FF8E2789B1EA00E2C54C /* PBXTargetDependency */ = {
			isa = PBXTargetDependency;
			target = D282FF7B2789B1E900E2C54C /* FavoritePrimes */;
			targetProxy = D282FF8D2789B1EA00E2C54C /* PBXContainerItemProxy */;
		};
		D282FFA82789B2DF00E2C54C /* PBXTargetDependency */ = {
			isa = PBXTargetDependency;
			target = D282FF9D2789B2DF00E2C54C /* PrimeModal */;
			targetProxy = D282FFA72789B2DF00E2C54C /* PBXContainerItemProxy */;
		};
		D282FFAA2789B2DF00E2C54C /* PBXTargetDependency */ = {
			isa = PBXTargetDependency;
			target = D2B7B3B22782E690003C9660 /* TCAUIKit */;
			targetProxy = D282FFA92789B2DF00E2C54C /* PBXContainerItemProxy */;
		};
		D282FFB02789B2DF00E2C54C /* PBXTargetDependency */ = {
			isa = PBXTargetDependency;
			target = D282FF9D2789B2DF00E2C54C /* PrimeModal */;
			targetProxy = D282FFAF2789B2DF00E2C54C /* PBXContainerItemProxy */;
		};
		D2F0D9DE278B1A3200977AA9 /* PBXTargetDependency */ = {
			isa = PBXTargetDependency;
			target = D2F0D9CA278B1A0200977AA9 /* ComposableArchitecture */;
			targetProxy = D2F0D9DD278B1A3200977AA9 /* PBXContainerItemProxy */;
		};
/* End PBXTargetDependency section */

/* Begin PBXVariantGroup section */
		D2B7B3BC2782E690003C9660 /* Main.storyboard */ = {
			isa = PBXVariantGroup;
			children = (
				D2B7B3BD2782E690003C9660 /* Base */,
			);
			name = Main.storyboard;
			sourceTree = "<group>";
		};
		D2B7B3C12782E691003C9660 /* LaunchScreen.storyboard */ = {
			isa = PBXVariantGroup;
			children = (
				D2B7B3C22782E691003C9660 /* Base */,
			);
			name = LaunchScreen.storyboard;
			sourceTree = "<group>";
		};
/* End PBXVariantGroup section */

/* Begin XCBuildConfiguration section */
		D2729605278AE68B00EB0F8F /* Debug */ = {
			isa = XCBuildConfiguration;
			buildSettings = {
				CODE_SIGN_STYLE = Automatic;
				CURRENT_PROJECT_VERSION = 1;
				DEFINES_MODULE = YES;
				DEVELOPMENT_TEAM = 3AMPL46LPV;
				DYLIB_COMPATIBILITY_VERSION = 1;
				DYLIB_CURRENT_VERSION = 1;
				DYLIB_INSTALL_NAME_BASE = "@rpath";
				GENERATE_INFOPLIST_FILE = YES;
				INFOPLIST_KEY_NSHumanReadableCopyright = "";
				INSTALL_PATH = "$(LOCAL_LIBRARY_DIR)/Frameworks";
				LD_RUNPATH_SEARCH_PATHS = (
					"$(inherited)",
					"@executable_path/Frameworks",
					"@loader_path/Frameworks",
				);
				MARKETING_VERSION = 1.0;
				PRODUCT_BUNDLE_IDENTIFIER = com.inkinyu.UIKitHelper;
				PRODUCT_NAME = "$(TARGET_NAME:c99extidentifier)";
				SKIP_INSTALL = YES;
				SWIFT_EMIT_LOC_STRINGS = YES;
				SWIFT_VERSION = 5.0;
				TARGETED_DEVICE_FAMILY = "1,2";
				VERSIONING_SYSTEM = "apple-generic";
				VERSION_INFO_PREFIX = "";
			};
			name = Debug;
		};
		D2729606278AE68B00EB0F8F /* Release */ = {
			isa = XCBuildConfiguration;
			buildSettings = {
				CODE_SIGN_STYLE = Automatic;
				CURRENT_PROJECT_VERSION = 1;
				DEFINES_MODULE = YES;
				DEVELOPMENT_TEAM = 3AMPL46LPV;
				DYLIB_COMPATIBILITY_VERSION = 1;
				DYLIB_CURRENT_VERSION = 1;
				DYLIB_INSTALL_NAME_BASE = "@rpath";
				GENERATE_INFOPLIST_FILE = YES;
				INFOPLIST_KEY_NSHumanReadableCopyright = "";
				INSTALL_PATH = "$(LOCAL_LIBRARY_DIR)/Frameworks";
				LD_RUNPATH_SEARCH_PATHS = (
					"$(inherited)",
					"@executable_path/Frameworks",
					"@loader_path/Frameworks",
				);
				MARKETING_VERSION = 1.0;
				PRODUCT_BUNDLE_IDENTIFIER = com.inkinyu.UIKitHelper;
				PRODUCT_NAME = "$(TARGET_NAME:c99extidentifier)";
				SKIP_INSTALL = YES;
				SWIFT_EMIT_LOC_STRINGS = YES;
				SWIFT_VERSION = 5.0;
				TARGETED_DEVICE_FAMILY = "1,2";
				VERSIONING_SYSTEM = "apple-generic";
				VERSION_INFO_PREFIX = "";
			};
			name = Release;
		};
		D282FF20278965B900E2C54C /* Debug */ = {
			isa = XCBuildConfiguration;
			buildSettings = {
				BUNDLE_LOADER = "$(TEST_HOST)";
				CODE_SIGN_STYLE = Automatic;
				CURRENT_PROJECT_VERSION = 1;
				DEVELOPMENT_TEAM = 3AMPL46LPV;
				GENERATE_INFOPLIST_FILE = YES;
				MARKETING_VERSION = 1.0;
				PRODUCT_BUNDLE_IDENTIFIER = com.inkinyu.TCAUIKitTests;
				PRODUCT_NAME = "$(TARGET_NAME)";
				SWIFT_EMIT_LOC_STRINGS = NO;
				SWIFT_VERSION = 5.0;
				TARGETED_DEVICE_FAMILY = "1,2";
				TEST_HOST = "$(BUILT_PRODUCTS_DIR)/TCAUIKit.app/TCAUIKit";
			};
			name = Debug;
		};
		D282FF21278965B900E2C54C /* Release */ = {
			isa = XCBuildConfiguration;
			buildSettings = {
				BUNDLE_LOADER = "$(TEST_HOST)";
				CODE_SIGN_STYLE = Automatic;
				CURRENT_PROJECT_VERSION = 1;
				DEVELOPMENT_TEAM = 3AMPL46LPV;
				GENERATE_INFOPLIST_FILE = YES;
				MARKETING_VERSION = 1.0;
				PRODUCT_BUNDLE_IDENTIFIER = com.inkinyu.TCAUIKitTests;
				PRODUCT_NAME = "$(TARGET_NAME)";
				SWIFT_EMIT_LOC_STRINGS = NO;
				SWIFT_VERSION = 5.0;
				TARGETED_DEVICE_FAMILY = "1,2";
				TEST_HOST = "$(BUILT_PRODUCTS_DIR)/TCAUIKit.app/TCAUIKit";
			};
			name = Release;
		};
		D282FF6A2789B17C00E2C54C /* Debug */ = {
			isa = XCBuildConfiguration;
			buildSettings = {
				ALLOW_TARGET_PLATFORM_SPECIALIZATION = YES;
				CLANG_ENABLE_MODULES = YES;
				CODE_SIGN_STYLE = Automatic;
				CURRENT_PROJECT_VERSION = 1;
				DEFINES_MODULE = YES;
				DEVELOPMENT_TEAM = 3AMPL46LPV;
				DYLIB_COMPATIBILITY_VERSION = 1;
				DYLIB_CURRENT_VERSION = 1;
				DYLIB_INSTALL_NAME_BASE = "@rpath";
				GENERATE_INFOPLIST_FILE = YES;
				INFOPLIST_KEY_NSHumanReadableCopyright = "";
				INSTALL_PATH = "$(LOCAL_LIBRARY_DIR)/Frameworks";
				LD_RUNPATH_SEARCH_PATHS = (
					"$(inherited)",
					"@executable_path/Frameworks",
					"@loader_path/Frameworks",
				);
				MARKETING_VERSION = 1.0;
				PRODUCT_BUNDLE_IDENTIFIER = com.inkinyu.Counter;
				PRODUCT_NAME = "$(TARGET_NAME:c99extidentifier)";
				SKIP_INSTALL = YES;
				SUPPORTED_PLATFORMS = "iphonesimulator iphoneos";
				SUPPORTS_MACCATALYST = YES;
				SWIFT_EMIT_LOC_STRINGS = YES;
				SWIFT_OPTIMIZATION_LEVEL = "-Onone";
				SWIFT_VERSION = 5.0;
				TARGETED_DEVICE_FAMILY = "1,2";
				VERSIONING_SYSTEM = "apple-generic";
				VERSION_INFO_PREFIX = "";
			};
			name = Debug;
		};
		D282FF6B2789B17C00E2C54C /* Release */ = {
			isa = XCBuildConfiguration;
			buildSettings = {
				ALLOW_TARGET_PLATFORM_SPECIALIZATION = YES;
				CLANG_ENABLE_MODULES = YES;
				CODE_SIGN_STYLE = Automatic;
				CURRENT_PROJECT_VERSION = 1;
				DEFINES_MODULE = YES;
				DEVELOPMENT_TEAM = 3AMPL46LPV;
				DYLIB_COMPATIBILITY_VERSION = 1;
				DYLIB_CURRENT_VERSION = 1;
				DYLIB_INSTALL_NAME_BASE = "@rpath";
				GENERATE_INFOPLIST_FILE = YES;
				INFOPLIST_KEY_NSHumanReadableCopyright = "";
				INSTALL_PATH = "$(LOCAL_LIBRARY_DIR)/Frameworks";
				LD_RUNPATH_SEARCH_PATHS = (
					"$(inherited)",
					"@executable_path/Frameworks",
					"@loader_path/Frameworks",
				);
				MARKETING_VERSION = 1.0;
				PRODUCT_BUNDLE_IDENTIFIER = com.inkinyu.Counter;
				PRODUCT_NAME = "$(TARGET_NAME:c99extidentifier)";
				SKIP_INSTALL = YES;
				SUPPORTED_PLATFORMS = "iphonesimulator iphoneos";
				SUPPORTS_MACCATALYST = YES;
				SWIFT_EMIT_LOC_STRINGS = YES;
				SWIFT_VERSION = 5.0;
				TARGETED_DEVICE_FAMILY = "1,2";
				VERSIONING_SYSTEM = "apple-generic";
				VERSION_INFO_PREFIX = "";
			};
			name = Release;
		};
		D282FF6D2789B17C00E2C54C /* Debug */ = {
			isa = XCBuildConfiguration;
			buildSettings = {
				ALWAYS_EMBED_SWIFT_STANDARD_LIBRARIES = YES;
				CODE_SIGN_STYLE = Automatic;
				CURRENT_PROJECT_VERSION = 1;
				DEVELOPMENT_TEAM = 3AMPL46LPV;
				GENERATE_INFOPLIST_FILE = YES;
				MARKETING_VERSION = 1.0;
				PRODUCT_BUNDLE_IDENTIFIER = com.inkinyu.CounterTests;
				PRODUCT_NAME = "$(TARGET_NAME)";
				SWIFT_EMIT_LOC_STRINGS = NO;
				SWIFT_VERSION = 5.0;
				TARGETED_DEVICE_FAMILY = "1,2";
			};
			name = Debug;
		};
		D282FF6E2789B17C00E2C54C /* Release */ = {
			isa = XCBuildConfiguration;
			buildSettings = {
				ALWAYS_EMBED_SWIFT_STANDARD_LIBRARIES = YES;
				CODE_SIGN_STYLE = Automatic;
				CURRENT_PROJECT_VERSION = 1;
				DEVELOPMENT_TEAM = 3AMPL46LPV;
				GENERATE_INFOPLIST_FILE = YES;
				MARKETING_VERSION = 1.0;
				PRODUCT_BUNDLE_IDENTIFIER = com.inkinyu.CounterTests;
				PRODUCT_NAME = "$(TARGET_NAME)";
				SWIFT_EMIT_LOC_STRINGS = NO;
				SWIFT_VERSION = 5.0;
				TARGETED_DEVICE_FAMILY = "1,2";
			};
			name = Release;
		};
		D282FF922789B1EA00E2C54C /* Debug */ = {
			isa = XCBuildConfiguration;
			buildSettings = {
				ALLOW_TARGET_PLATFORM_SPECIALIZATION = YES;
				CLANG_ENABLE_MODULES = YES;
				CODE_SIGN_STYLE = Automatic;
				CURRENT_PROJECT_VERSION = 1;
				DEFINES_MODULE = YES;
				DEVELOPMENT_TEAM = 3AMPL46LPV;
				DYLIB_COMPATIBILITY_VERSION = 1;
				DYLIB_CURRENT_VERSION = 1;
				DYLIB_INSTALL_NAME_BASE = "@rpath";
				GENERATE_INFOPLIST_FILE = YES;
				INFOPLIST_KEY_NSHumanReadableCopyright = "";
				INSTALL_PATH = "$(LOCAL_LIBRARY_DIR)/Frameworks";
				LD_RUNPATH_SEARCH_PATHS = (
					"$(inherited)",
					"@executable_path/Frameworks",
					"@loader_path/Frameworks",
				);
				MARKETING_VERSION = 1.0;
				PRODUCT_BUNDLE_IDENTIFIER = com.inkinyu.FavoritePrimes;
				PRODUCT_NAME = "$(TARGET_NAME:c99extidentifier)";
				SKIP_INSTALL = YES;
				SUPPORTED_PLATFORMS = "iphonesimulator iphoneos";
				SUPPORTS_MACCATALYST = YES;
				SWIFT_EMIT_LOC_STRINGS = YES;
				SWIFT_OPTIMIZATION_LEVEL = "-Onone";
				SWIFT_VERSION = 5.0;
				TARGETED_DEVICE_FAMILY = "1,2";
				VERSIONING_SYSTEM = "apple-generic";
				VERSION_INFO_PREFIX = "";
			};
			name = Debug;
		};
		D282FF932789B1EA00E2C54C /* Release */ = {
			isa = XCBuildConfiguration;
			buildSettings = {
				ALLOW_TARGET_PLATFORM_SPECIALIZATION = YES;
				CLANG_ENABLE_MODULES = YES;
				CODE_SIGN_STYLE = Automatic;
				CURRENT_PROJECT_VERSION = 1;
				DEFINES_MODULE = YES;
				DEVELOPMENT_TEAM = 3AMPL46LPV;
				DYLIB_COMPATIBILITY_VERSION = 1;
				DYLIB_CURRENT_VERSION = 1;
				DYLIB_INSTALL_NAME_BASE = "@rpath";
				GENERATE_INFOPLIST_FILE = YES;
				INFOPLIST_KEY_NSHumanReadableCopyright = "";
				INSTALL_PATH = "$(LOCAL_LIBRARY_DIR)/Frameworks";
				LD_RUNPATH_SEARCH_PATHS = (
					"$(inherited)",
					"@executable_path/Frameworks",
					"@loader_path/Frameworks",
				);
				MARKETING_VERSION = 1.0;
				PRODUCT_BUNDLE_IDENTIFIER = com.inkinyu.FavoritePrimes;
				PRODUCT_NAME = "$(TARGET_NAME:c99extidentifier)";
				SKIP_INSTALL = YES;
				SUPPORTED_PLATFORMS = "iphonesimulator iphoneos";
				SUPPORTS_MACCATALYST = YES;
				SWIFT_EMIT_LOC_STRINGS = YES;
				SWIFT_VERSION = 5.0;
				TARGETED_DEVICE_FAMILY = "1,2";
				VERSIONING_SYSTEM = "apple-generic";
				VERSION_INFO_PREFIX = "";
			};
			name = Release;
		};
		D282FF952789B1EA00E2C54C /* Debug */ = {
			isa = XCBuildConfiguration;
			buildSettings = {
				ALWAYS_EMBED_SWIFT_STANDARD_LIBRARIES = YES;
				CODE_SIGN_STYLE = Automatic;
				CURRENT_PROJECT_VERSION = 1;
				DEVELOPMENT_TEAM = 3AMPL46LPV;
				GENERATE_INFOPLIST_FILE = YES;
				MARKETING_VERSION = 1.0;
				PRODUCT_BUNDLE_IDENTIFIER = com.inkinyu.FavoritePrimesTests;
				PRODUCT_NAME = "$(TARGET_NAME)";
				SWIFT_EMIT_LOC_STRINGS = NO;
				SWIFT_VERSION = 5.0;
				TARGETED_DEVICE_FAMILY = "1,2";
			};
			name = Debug;
		};
		D282FF962789B1EA00E2C54C /* Release */ = {
			isa = XCBuildConfiguration;
			buildSettings = {
				ALWAYS_EMBED_SWIFT_STANDARD_LIBRARIES = YES;
				CODE_SIGN_STYLE = Automatic;
				CURRENT_PROJECT_VERSION = 1;
				DEVELOPMENT_TEAM = 3AMPL46LPV;
				GENERATE_INFOPLIST_FILE = YES;
				MARKETING_VERSION = 1.0;
				PRODUCT_BUNDLE_IDENTIFIER = com.inkinyu.FavoritePrimesTests;
				PRODUCT_NAME = "$(TARGET_NAME)";
				SWIFT_EMIT_LOC_STRINGS = NO;
				SWIFT_VERSION = 5.0;
				TARGETED_DEVICE_FAMILY = "1,2";
			};
			name = Release;
		};
		D282FFB42789B2DF00E2C54C /* Debug */ = {
			isa = XCBuildConfiguration;
			buildSettings = {
				ALLOW_TARGET_PLATFORM_SPECIALIZATION = YES;
				CLANG_ENABLE_MODULES = YES;
				CODE_SIGN_STYLE = Automatic;
				CURRENT_PROJECT_VERSION = 1;
				DEFINES_MODULE = YES;
				DEVELOPMENT_TEAM = 3AMPL46LPV;
				DYLIB_COMPATIBILITY_VERSION = 1;
				DYLIB_CURRENT_VERSION = 1;
				DYLIB_INSTALL_NAME_BASE = "@rpath";
				GENERATE_INFOPLIST_FILE = YES;
				INFOPLIST_KEY_NSHumanReadableCopyright = "";
				INSTALL_PATH = "$(LOCAL_LIBRARY_DIR)/Frameworks";
				LD_RUNPATH_SEARCH_PATHS = (
					"$(inherited)",
					"@executable_path/Frameworks",
					"@loader_path/Frameworks",
				);
				MARKETING_VERSION = 1.0;
				PRODUCT_BUNDLE_IDENTIFIER = com.inkinyu.PrimeModal;
				PRODUCT_NAME = "$(TARGET_NAME:c99extidentifier)";
				SKIP_INSTALL = YES;
				SUPPORTED_PLATFORMS = "iphonesimulator iphoneos";
				SUPPORTS_MACCATALYST = YES;
				SWIFT_EMIT_LOC_STRINGS = YES;
				SWIFT_OPTIMIZATION_LEVEL = "-Onone";
				SWIFT_VERSION = 5.0;
				TARGETED_DEVICE_FAMILY = "1,2";
				VERSIONING_SYSTEM = "apple-generic";
				VERSION_INFO_PREFIX = "";
			};
			name = Debug;
		};
		D282FFB52789B2DF00E2C54C /* Release */ = {
			isa = XCBuildConfiguration;
			buildSettings = {
				ALLOW_TARGET_PLATFORM_SPECIALIZATION = YES;
				CLANG_ENABLE_MODULES = YES;
				CODE_SIGN_STYLE = Automatic;
				CURRENT_PROJECT_VERSION = 1;
				DEFINES_MODULE = YES;
				DEVELOPMENT_TEAM = 3AMPL46LPV;
				DYLIB_COMPATIBILITY_VERSION = 1;
				DYLIB_CURRENT_VERSION = 1;
				DYLIB_INSTALL_NAME_BASE = "@rpath";
				GENERATE_INFOPLIST_FILE = YES;
				INFOPLIST_KEY_NSHumanReadableCopyright = "";
				INSTALL_PATH = "$(LOCAL_LIBRARY_DIR)/Frameworks";
				LD_RUNPATH_SEARCH_PATHS = (
					"$(inherited)",
					"@executable_path/Frameworks",
					"@loader_path/Frameworks",
				);
				MARKETING_VERSION = 1.0;
				PRODUCT_BUNDLE_IDENTIFIER = com.inkinyu.PrimeModal;
				PRODUCT_NAME = "$(TARGET_NAME:c99extidentifier)";
				SKIP_INSTALL = YES;
				SUPPORTED_PLATFORMS = "iphonesimulator iphoneos";
				SUPPORTS_MACCATALYST = YES;
				SWIFT_EMIT_LOC_STRINGS = YES;
				SWIFT_VERSION = 5.0;
				TARGETED_DEVICE_FAMILY = "1,2";
				VERSIONING_SYSTEM = "apple-generic";
				VERSION_INFO_PREFIX = "";
			};
			name = Release;
		};
		D282FFB72789B2DF00E2C54C /* Debug */ = {
			isa = XCBuildConfiguration;
			buildSettings = {
				ALWAYS_EMBED_SWIFT_STANDARD_LIBRARIES = YES;
				CODE_SIGN_STYLE = Automatic;
				CURRENT_PROJECT_VERSION = 1;
				DEVELOPMENT_TEAM = 3AMPL46LPV;
				GENERATE_INFOPLIST_FILE = YES;
				MARKETING_VERSION = 1.0;
				PRODUCT_BUNDLE_IDENTIFIER = com.inkinyu.PrimeModalTests;
				PRODUCT_NAME = "$(TARGET_NAME)";
				SWIFT_EMIT_LOC_STRINGS = NO;
				SWIFT_VERSION = 5.0;
				TARGETED_DEVICE_FAMILY = "1,2";
			};
			name = Debug;
		};
		D282FFB82789B2DF00E2C54C /* Release */ = {
			isa = XCBuildConfiguration;
			buildSettings = {
				ALWAYS_EMBED_SWIFT_STANDARD_LIBRARIES = YES;
				CODE_SIGN_STYLE = Automatic;
				CURRENT_PROJECT_VERSION = 1;
				DEVELOPMENT_TEAM = 3AMPL46LPV;
				GENERATE_INFOPLIST_FILE = YES;
				MARKETING_VERSION = 1.0;
				PRODUCT_BUNDLE_IDENTIFIER = com.inkinyu.PrimeModalTests;
				PRODUCT_NAME = "$(TARGET_NAME)";
				SWIFT_EMIT_LOC_STRINGS = NO;
				SWIFT_VERSION = 5.0;
				TARGETED_DEVICE_FAMILY = "1,2";
			};
			name = Release;
		};
		D2B7B3C52782E691003C9660 /* Debug */ = {
			isa = XCBuildConfiguration;
			buildSettings = {
				ALWAYS_SEARCH_USER_PATHS = NO;
				CLANG_ANALYZER_NONNULL = YES;
				CLANG_ANALYZER_NUMBER_OBJECT_CONVERSION = YES_AGGRESSIVE;
				CLANG_CXX_LANGUAGE_STANDARD = "gnu++17";
				CLANG_CXX_LIBRARY = "libc++";
				CLANG_ENABLE_MODULES = YES;
				CLANG_ENABLE_OBJC_ARC = YES;
				CLANG_ENABLE_OBJC_WEAK = YES;
				CLANG_WARN_BLOCK_CAPTURE_AUTORELEASING = YES;
				CLANG_WARN_BOOL_CONVERSION = YES;
				CLANG_WARN_COMMA = YES;
				CLANG_WARN_CONSTANT_CONVERSION = YES;
				CLANG_WARN_DEPRECATED_OBJC_IMPLEMENTATIONS = YES;
				CLANG_WARN_DIRECT_OBJC_ISA_USAGE = YES_ERROR;
				CLANG_WARN_DOCUMENTATION_COMMENTS = YES;
				CLANG_WARN_EMPTY_BODY = YES;
				CLANG_WARN_ENUM_CONVERSION = YES;
				CLANG_WARN_INFINITE_RECURSION = YES;
				CLANG_WARN_INT_CONVERSION = YES;
				CLANG_WARN_NON_LITERAL_NULL_CONVERSION = YES;
				CLANG_WARN_OBJC_IMPLICIT_RETAIN_SELF = YES;
				CLANG_WARN_OBJC_LITERAL_CONVERSION = YES;
				CLANG_WARN_OBJC_ROOT_CLASS = YES_ERROR;
				CLANG_WARN_QUOTED_INCLUDE_IN_FRAMEWORK_HEADER = YES;
				CLANG_WARN_RANGE_LOOP_ANALYSIS = YES;
				CLANG_WARN_STRICT_PROTOTYPES = YES;
				CLANG_WARN_SUSPICIOUS_MOVE = YES;
				CLANG_WARN_UNGUARDED_AVAILABILITY = YES_AGGRESSIVE;
				CLANG_WARN_UNREACHABLE_CODE = YES;
				CLANG_WARN__DUPLICATE_METHOD_MATCH = YES;
				COPY_PHASE_STRIP = NO;
				DEBUG_INFORMATION_FORMAT = dwarf;
				ENABLE_STRICT_OBJC_MSGSEND = YES;
				ENABLE_TESTABILITY = YES;
				GCC_C_LANGUAGE_STANDARD = gnu11;
				GCC_DYNAMIC_NO_PIC = NO;
				GCC_NO_COMMON_BLOCKS = YES;
				GCC_OPTIMIZATION_LEVEL = 0;
				GCC_PREPROCESSOR_DEFINITIONS = (
					"DEBUG=1",
					"$(inherited)",
				);
				GCC_WARN_64_TO_32_BIT_CONVERSION = YES;
				GCC_WARN_ABOUT_RETURN_TYPE = YES_ERROR;
				GCC_WARN_UNDECLARED_SELECTOR = YES;
				GCC_WARN_UNINITIALIZED_AUTOS = YES_AGGRESSIVE;
				GCC_WARN_UNUSED_FUNCTION = YES;
				GCC_WARN_UNUSED_VARIABLE = YES;
				IPHONEOS_DEPLOYMENT_TARGET = 15.2;
				MTL_ENABLE_DEBUG_INFO = INCLUDE_SOURCE;
				MTL_FAST_MATH = YES;
				ONLY_ACTIVE_ARCH = YES;
				SDKROOT = iphoneos;
				SWIFT_ACTIVE_COMPILATION_CONDITIONS = DEBUG;
				SWIFT_OPTIMIZATION_LEVEL = "-Onone";
			};
			name = Debug;
		};
		D2B7B3C62782E691003C9660 /* Release */ = {
			isa = XCBuildConfiguration;
			buildSettings = {
				ALWAYS_SEARCH_USER_PATHS = NO;
				CLANG_ANALYZER_NONNULL = YES;
				CLANG_ANALYZER_NUMBER_OBJECT_CONVERSION = YES_AGGRESSIVE;
				CLANG_CXX_LANGUAGE_STANDARD = "gnu++17";
				CLANG_CXX_LIBRARY = "libc++";
				CLANG_ENABLE_MODULES = YES;
				CLANG_ENABLE_OBJC_ARC = YES;
				CLANG_ENABLE_OBJC_WEAK = YES;
				CLANG_WARN_BLOCK_CAPTURE_AUTORELEASING = YES;
				CLANG_WARN_BOOL_CONVERSION = YES;
				CLANG_WARN_COMMA = YES;
				CLANG_WARN_CONSTANT_CONVERSION = YES;
				CLANG_WARN_DEPRECATED_OBJC_IMPLEMENTATIONS = YES;
				CLANG_WARN_DIRECT_OBJC_ISA_USAGE = YES_ERROR;
				CLANG_WARN_DOCUMENTATION_COMMENTS = YES;
				CLANG_WARN_EMPTY_BODY = YES;
				CLANG_WARN_ENUM_CONVERSION = YES;
				CLANG_WARN_INFINITE_RECURSION = YES;
				CLANG_WARN_INT_CONVERSION = YES;
				CLANG_WARN_NON_LITERAL_NULL_CONVERSION = YES;
				CLANG_WARN_OBJC_IMPLICIT_RETAIN_SELF = YES;
				CLANG_WARN_OBJC_LITERAL_CONVERSION = YES;
				CLANG_WARN_OBJC_ROOT_CLASS = YES_ERROR;
				CLANG_WARN_QUOTED_INCLUDE_IN_FRAMEWORK_HEADER = YES;
				CLANG_WARN_RANGE_LOOP_ANALYSIS = YES;
				CLANG_WARN_STRICT_PROTOTYPES = YES;
				CLANG_WARN_SUSPICIOUS_MOVE = YES;
				CLANG_WARN_UNGUARDED_AVAILABILITY = YES_AGGRESSIVE;
				CLANG_WARN_UNREACHABLE_CODE = YES;
				CLANG_WARN__DUPLICATE_METHOD_MATCH = YES;
				COPY_PHASE_STRIP = NO;
				DEBUG_INFORMATION_FORMAT = "dwarf-with-dsym";
				ENABLE_NS_ASSERTIONS = NO;
				ENABLE_STRICT_OBJC_MSGSEND = YES;
				GCC_C_LANGUAGE_STANDARD = gnu11;
				GCC_NO_COMMON_BLOCKS = YES;
				GCC_WARN_64_TO_32_BIT_CONVERSION = YES;
				GCC_WARN_ABOUT_RETURN_TYPE = YES_ERROR;
				GCC_WARN_UNDECLARED_SELECTOR = YES;
				GCC_WARN_UNINITIALIZED_AUTOS = YES_AGGRESSIVE;
				GCC_WARN_UNUSED_FUNCTION = YES;
				GCC_WARN_UNUSED_VARIABLE = YES;
				IPHONEOS_DEPLOYMENT_TARGET = 15.2;
				MTL_ENABLE_DEBUG_INFO = NO;
				MTL_FAST_MATH = YES;
				SDKROOT = iphoneos;
				SWIFT_COMPILATION_MODE = wholemodule;
				SWIFT_OPTIMIZATION_LEVEL = "-O";
				VALIDATE_PRODUCT = YES;
			};
			name = Release;
		};
		D2B7B3C82782E691003C9660 /* Debug */ = {
			isa = XCBuildConfiguration;
			buildSettings = {
				ALWAYS_EMBED_SWIFT_STANDARD_LIBRARIES = YES;
				ASSETCATALOG_COMPILER_APPICON_NAME = AppIcon;
				ASSETCATALOG_COMPILER_GLOBAL_ACCENT_COLOR_NAME = AccentColor;
				CODE_SIGN_STYLE = Automatic;
				CURRENT_PROJECT_VERSION = 1;
				DEVELOPMENT_TEAM = 3AMPL46LPV;
				GENERATE_INFOPLIST_FILE = YES;
				INFOPLIST_FILE = TCAUIKit/Info.plist;
				INFOPLIST_KEY_UIApplicationSupportsIndirectInputEvents = YES;
				INFOPLIST_KEY_UILaunchStoryboardName = LaunchScreen;
				INFOPLIST_KEY_UIMainStoryboardFile = Main;
				INFOPLIST_KEY_UISupportedInterfaceOrientations_iPad = "UIInterfaceOrientationPortrait UIInterfaceOrientationPortraitUpsideDown UIInterfaceOrientationLandscapeLeft UIInterfaceOrientationLandscapeRight";
				INFOPLIST_KEY_UISupportedInterfaceOrientations_iPhone = "UIInterfaceOrientationPortrait UIInterfaceOrientationLandscapeLeft UIInterfaceOrientationLandscapeRight";
				LD_RUNPATH_SEARCH_PATHS = (
					"$(inherited)",
					"@executable_path/Frameworks",
				);
				MARKETING_VERSION = 1.0;
				PRODUCT_BUNDLE_IDENTIFIER = com.inkinyu.TCAUIKit;
				PRODUCT_NAME = "$(TARGET_NAME)";
				SWIFT_EMIT_LOC_STRINGS = YES;
				SWIFT_VERSION = 5.0;
				TARGETED_DEVICE_FAMILY = "1,2";
			};
			name = Debug;
		};
		D2B7B3C92782E691003C9660 /* Release */ = {
			isa = XCBuildConfiguration;
			buildSettings = {
				ALWAYS_EMBED_SWIFT_STANDARD_LIBRARIES = YES;
				ASSETCATALOG_COMPILER_APPICON_NAME = AppIcon;
				ASSETCATALOG_COMPILER_GLOBAL_ACCENT_COLOR_NAME = AccentColor;
				CODE_SIGN_STYLE = Automatic;
				CURRENT_PROJECT_VERSION = 1;
				DEVELOPMENT_TEAM = 3AMPL46LPV;
				GENERATE_INFOPLIST_FILE = YES;
				INFOPLIST_FILE = TCAUIKit/Info.plist;
				INFOPLIST_KEY_UIApplicationSupportsIndirectInputEvents = YES;
				INFOPLIST_KEY_UILaunchStoryboardName = LaunchScreen;
				INFOPLIST_KEY_UIMainStoryboardFile = Main;
				INFOPLIST_KEY_UISupportedInterfaceOrientations_iPad = "UIInterfaceOrientationPortrait UIInterfaceOrientationPortraitUpsideDown UIInterfaceOrientationLandscapeLeft UIInterfaceOrientationLandscapeRight";
				INFOPLIST_KEY_UISupportedInterfaceOrientations_iPhone = "UIInterfaceOrientationPortrait UIInterfaceOrientationLandscapeLeft UIInterfaceOrientationLandscapeRight";
				LD_RUNPATH_SEARCH_PATHS = (
					"$(inherited)",
					"@executable_path/Frameworks",
				);
				MARKETING_VERSION = 1.0;
				PRODUCT_BUNDLE_IDENTIFIER = com.inkinyu.TCAUIKit;
				PRODUCT_NAME = "$(TARGET_NAME)";
				SWIFT_EMIT_LOC_STRINGS = YES;
				SWIFT_VERSION = 5.0;
				TARGETED_DEVICE_FAMILY = "1,2";
			};
			name = Release;
		};
		D2F0D9D0278B1A0200977AA9 /* Debug */ = {
			isa = XCBuildConfiguration;
			buildSettings = {
				ALLOW_TARGET_PLATFORM_SPECIALIZATION = YES;
				CLANG_ENABLE_MODULES = YES;
				CODE_SIGN_STYLE = Automatic;
				COMBINE_HIDPI_IMAGES = YES;
				CURRENT_PROJECT_VERSION = 1;
				DEFINES_MODULE = YES;
				DEVELOPMENT_TEAM = 3AMPL46LPV;
				DYLIB_COMPATIBILITY_VERSION = 1;
				DYLIB_CURRENT_VERSION = 1;
				DYLIB_INSTALL_NAME_BASE = "@rpath";
				GENERATE_INFOPLIST_FILE = YES;
				INFOPLIST_KEY_NSHumanReadableCopyright = "";
				INSTALL_PATH = "$(LOCAL_LIBRARY_DIR)/Frameworks";
				LD_RUNPATH_SEARCH_PATHS = (
					"$(inherited)",
					"@executable_path/../Frameworks",
					"@loader_path/Frameworks",
				);
				MACOSX_DEPLOYMENT_TARGET = 12.1;
				MARKETING_VERSION = 1.0;
				PRODUCT_BUNDLE_IDENTIFIER = com.inkinyu.ComposableArchitecture;
				PRODUCT_NAME = "$(TARGET_NAME:c99extidentifier)";
				SDKROOT = macosx;
				SKIP_INSTALL = YES;
				SUPPORTED_PLATFORMS = "watchsimulator watchos macosx iphonesimulator iphoneos driverkit appletvsimulator appletvos";
				SUPPORTS_MACCATALYST = YES;
				SWIFT_EMIT_LOC_STRINGS = YES;
				SWIFT_OPTIMIZATION_LEVEL = "-Onone";
				SWIFT_VERSION = 5.0;
				VERSIONING_SYSTEM = "apple-generic";
				VERSION_INFO_PREFIX = "";
			};
			name = Debug;
		};
		D2F0D9D1278B1A0200977AA9 /* Release */ = {
			isa = XCBuildConfiguration;
			buildSettings = {
				ALLOW_TARGET_PLATFORM_SPECIALIZATION = YES;
				CLANG_ENABLE_MODULES = YES;
				CODE_SIGN_STYLE = Automatic;
				COMBINE_HIDPI_IMAGES = YES;
				CURRENT_PROJECT_VERSION = 1;
				DEFINES_MODULE = YES;
				DEVELOPMENT_TEAM = 3AMPL46LPV;
				DYLIB_COMPATIBILITY_VERSION = 1;
				DYLIB_CURRENT_VERSION = 1;
				DYLIB_INSTALL_NAME_BASE = "@rpath";
				GENERATE_INFOPLIST_FILE = YES;
				INFOPLIST_KEY_NSHumanReadableCopyright = "";
				INSTALL_PATH = "$(LOCAL_LIBRARY_DIR)/Frameworks";
				LD_RUNPATH_SEARCH_PATHS = (
					"$(inherited)",
					"@executable_path/../Frameworks",
					"@loader_path/Frameworks",
				);
				MACOSX_DEPLOYMENT_TARGET = 12.1;
				MARKETING_VERSION = 1.0;
				PRODUCT_BUNDLE_IDENTIFIER = com.inkinyu.ComposableArchitecture;
				PRODUCT_NAME = "$(TARGET_NAME:c99extidentifier)";
				SDKROOT = macosx;
				SKIP_INSTALL = YES;
				SUPPORTED_PLATFORMS = "watchsimulator watchos macosx iphonesimulator iphoneos driverkit appletvsimulator appletvos";
				SUPPORTS_MACCATALYST = YES;
				SWIFT_EMIT_LOC_STRINGS = YES;
				SWIFT_VERSION = 5.0;
				VERSIONING_SYSTEM = "apple-generic";
				VERSION_INFO_PREFIX = "";
			};
			name = Release;
		};
		D2F0D9E0278B1A3200977AA9 /* Debug */ = {
			isa = XCBuildConfiguration;
			buildSettings = {
				CODE_SIGN_STYLE = Automatic;
				CURRENT_PROJECT_VERSION = 1;
				DEVELOPMENT_TEAM = 3AMPL46LPV;
				GENERATE_INFOPLIST_FILE = YES;
				MACOSX_DEPLOYMENT_TARGET = 12.1;
				MARKETING_VERSION = 1.0;
				PRODUCT_BUNDLE_IDENTIFIER = com.inkinyu.ComposableArchitectureTests;
				PRODUCT_NAME = "$(TARGET_NAME)";
				SDKROOT = macosx;
				SWIFT_EMIT_LOC_STRINGS = NO;
				SWIFT_VERSION = 5.0;
			};
			name = Debug;
		};
		D2F0D9E1278B1A3200977AA9 /* Release */ = {
			isa = XCBuildConfiguration;
			buildSettings = {
				CODE_SIGN_STYLE = Automatic;
				CURRENT_PROJECT_VERSION = 1;
				DEVELOPMENT_TEAM = 3AMPL46LPV;
				GENERATE_INFOPLIST_FILE = YES;
				MACOSX_DEPLOYMENT_TARGET = 12.1;
				MARKETING_VERSION = 1.0;
				PRODUCT_BUNDLE_IDENTIFIER = com.inkinyu.ComposableArchitectureTests;
				PRODUCT_NAME = "$(TARGET_NAME)";
				SDKROOT = macosx;
				SWIFT_EMIT_LOC_STRINGS = NO;
				SWIFT_VERSION = 5.0;
			};
			name = Release;
		};
/* End XCBuildConfiguration section */

/* Begin XCConfigurationList section */
		D2729604278AE68B00EB0F8F /* Build configuration list for PBXNativeTarget "UIKitHelper" */ = {
			isa = XCConfigurationList;
			buildConfigurations = (
				D2729605278AE68B00EB0F8F /* Debug */,
				D2729606278AE68B00EB0F8F /* Release */,
			);
			defaultConfigurationIsVisible = 0;
			defaultConfigurationName = Release;
		};
		D282FF1F278965B900E2C54C /* Build configuration list for PBXNativeTarget "TCAUIKitTests" */ = {
			isa = XCConfigurationList;
			buildConfigurations = (
				D282FF20278965B900E2C54C /* Debug */,
				D282FF21278965B900E2C54C /* Release */,
			);
			defaultConfigurationIsVisible = 0;
			defaultConfigurationName = Release;
		};
		D282FF692789B17C00E2C54C /* Build configuration list for PBXNativeTarget "Counter" */ = {
			isa = XCConfigurationList;
			buildConfigurations = (
				D282FF6A2789B17C00E2C54C /* Debug */,
				D282FF6B2789B17C00E2C54C /* Release */,
			);
			defaultConfigurationIsVisible = 0;
			defaultConfigurationName = Release;
		};
		D282FF6C2789B17C00E2C54C /* Build configuration list for PBXNativeTarget "CounterTests" */ = {
			isa = XCConfigurationList;
			buildConfigurations = (
				D282FF6D2789B17C00E2C54C /* Debug */,
				D282FF6E2789B17C00E2C54C /* Release */,
			);
			defaultConfigurationIsVisible = 0;
			defaultConfigurationName = Release;
		};
		D282FF912789B1EA00E2C54C /* Build configuration list for PBXNativeTarget "FavoritePrimes" */ = {
			isa = XCConfigurationList;
			buildConfigurations = (
				D282FF922789B1EA00E2C54C /* Debug */,
				D282FF932789B1EA00E2C54C /* Release */,
			);
			defaultConfigurationIsVisible = 0;
			defaultConfigurationName = Release;
		};
		D282FF942789B1EA00E2C54C /* Build configuration list for PBXNativeTarget "FavoritePrimesTests" */ = {
			isa = XCConfigurationList;
			buildConfigurations = (
				D282FF952789B1EA00E2C54C /* Debug */,
				D282FF962789B1EA00E2C54C /* Release */,
			);
			defaultConfigurationIsVisible = 0;
			defaultConfigurationName = Release;
		};
		D282FFB32789B2DF00E2C54C /* Build configuration list for PBXNativeTarget "PrimeModal" */ = {
			isa = XCConfigurationList;
			buildConfigurations = (
				D282FFB42789B2DF00E2C54C /* Debug */,
				D282FFB52789B2DF00E2C54C /* Release */,
			);
			defaultConfigurationIsVisible = 0;
			defaultConfigurationName = Release;
		};
		D282FFB62789B2DF00E2C54C /* Build configuration list for PBXNativeTarget "PrimeModalTests" */ = {
			isa = XCConfigurationList;
			buildConfigurations = (
				D282FFB72789B2DF00E2C54C /* Debug */,
				D282FFB82789B2DF00E2C54C /* Release */,
			);
			defaultConfigurationIsVisible = 0;
			defaultConfigurationName = Release;
		};
		D2B7B3AE2782E690003C9660 /* Build configuration list for PBXProject "TCAUIKit" */ = {
			isa = XCConfigurationList;
			buildConfigurations = (
				D2B7B3C52782E691003C9660 /* Debug */,
				D2B7B3C62782E691003C9660 /* Release */,
			);
			defaultConfigurationIsVisible = 0;
			defaultConfigurationName = Release;
		};
		D2B7B3C72782E691003C9660 /* Build configuration list for PBXNativeTarget "TCAUIKit" */ = {
			isa = XCConfigurationList;
			buildConfigurations = (
				D2B7B3C82782E691003C9660 /* Debug */,
				D2B7B3C92782E691003C9660 /* Release */,
			);
			defaultConfigurationIsVisible = 0;
			defaultConfigurationName = Release;
		};
		D2F0D9CF278B1A0200977AA9 /* Build configuration list for PBXNativeTarget "ComposableArchitecture" */ = {
			isa = XCConfigurationList;
			buildConfigurations = (
				D2F0D9D0278B1A0200977AA9 /* Debug */,
				D2F0D9D1278B1A0200977AA9 /* Release */,
			);
			defaultConfigurationIsVisible = 0;
			defaultConfigurationName = Release;
		};
		D2F0D9DF278B1A3200977AA9 /* Build configuration list for PBXNativeTarget "ComposableArchitectureTests" */ = {
			isa = XCConfigurationList;
			buildConfigurations = (
				D2F0D9E0278B1A3200977AA9 /* Debug */,
				D2F0D9E1278B1A3200977AA9 /* Release */,
			);
			defaultConfigurationIsVisible = 0;
			defaultConfigurationName = Release;
		};
/* End XCConfigurationList section */
	};
	rootObject = D2B7B3AB2782E690003C9660 /* Project object */;
}
